// !$*UTF8*$!
{
	archiveVersion = 1;
	classes = {
	};
	objectVersion = 50;
	objects = {

/* Begin PBXBuildFile section */
		A633384C268ACED7004F9BAF /* designedByAppleInCalifornia.mp4 in Resources */ = {isa = PBXBuildFile; fileRef = A633384B268ACED7004F9BAF /* designedByAppleInCalifornia.mp4 */; };
		A6333875268B084C004F9BAF /* 播放按钮 暂停@2x.png in Resources */ = {isa = PBXBuildFile; fileRef = A633385E268B084B004F9BAF /* 播放按钮 暂停@2x.png */; };
		A6333876268B084C004F9BAF /* 播放按钮 暂停.png in Resources */ = {isa = PBXBuildFile; fileRef = A633385F268B084B004F9BAF /* 播放按钮 暂停.png */; };
		A6333877268B084C004F9BAF /* 播放按钮 暂停@3x.png in Resources */ = {isa = PBXBuildFile; fileRef = A6333860268B084B004F9BAF /* 播放按钮 暂停@3x.png */; };
		A6333879268B084C004F9BAF /* 播放按钮@2x.png in Resources */ = {isa = PBXBuildFile; fileRef = A6333862268B084B004F9BAF /* 播放按钮@2x.png */; };
		A633387A268B084C004F9BAF /* 播放按钮.png in Resources */ = {isa = PBXBuildFile; fileRef = A6333863268B084B004F9BAF /* 播放按钮.png */; };
		A633387B268B084C004F9BAF /* 播放按钮@3x.png in Resources */ = {isa = PBXBuildFile; fileRef = A6333864268B084B004F9BAF /* 播放按钮@3x.png */; };
		A633387E268B084C004F9BAF /* SBPlayer.m in Sources */ = {isa = PBXBuildFile; fileRef = A6333868268B084B004F9BAF /* SBPlayer.m */; };
		A633387F268B084C004F9BAF /* SBControlView.m in Sources */ = {isa = PBXBuildFile; fileRef = A6333869268B084B004F9BAF /* SBControlView.m */; };
		A6333880268B084C004F9BAF /* VideoListViewController.m in Sources */ = {isa = PBXBuildFile; fileRef = A633386B268B084B004F9BAF /* VideoListViewController.m */; };
		A6333881268B084C004F9BAF /* VideoListCell.xib in Resources */ = {isa = PBXBuildFile; fileRef = A633386E268B084B004F9BAF /* VideoListCell.xib */; };
		A6333882268B084C004F9BAF /* VideoListCell.m in Sources */ = {isa = PBXBuildFile; fileRef = A633386F268B084B004F9BAF /* VideoListCell.m */; };
		A652B0A22669DC830019F2C8 /* VideoPageViewController.m in Sources */ = {isa = PBXBuildFile; fileRef = A652B0A02669DC830019F2C8 /* VideoPageViewController.m */; };
		A652B0A32669DC830019F2C8 /* VideoPageViewController.xib in Resources */ = {isa = PBXBuildFile; fileRef = A652B0A12669DC830019F2C8 /* VideoPageViewController.xib */; };
		A652B0A92669DCA90019F2C8 /* PlayerContentViewController.xib in Resources */ = {isa = PBXBuildFile; fileRef = A652B0A72669DCA90019F2C8 /* PlayerContentViewController.xib */; };
		A652B0AA2669DCA90019F2C8 /* PlayerContentViewController.m in Sources */ = {isa = PBXBuildFile; fileRef = A652B0A82669DCA90019F2C8 /* PlayerContentViewController.m */; };
		A652B0AE266A257B0019F2C8 /* Utility.m in Sources */ = {isa = PBXBuildFile; fileRef = A652B0AD266A257B0019F2C8 /* Utility.m */; };
		A654EE6A26671A0E00B0D838 /* PlayerViewController.m in Sources */ = {isa = PBXBuildFile; fileRef = A654EE6826671A0E00B0D838 /* PlayerViewController.m */; };
		A654EE6B26671A0E00B0D838 /* PlayerViewController.xib in Resources */ = {isa = PBXBuildFile; fileRef = A654EE6926671A0E00B0D838 /* PlayerViewController.xib */; };
		A65669C8267B43BD00CA65BF /* AwemeListController.m in Sources */ = {isa = PBXBuildFile; fileRef = A65669C5267B43BD00CA65BF /* AwemeListController.m */; };
		A65669CE267B43CC00CA65BF /* AVPlayerView.m in Sources */ = {isa = PBXBuildFile; fileRef = A65669CB267B43CC00CA65BF /* AVPlayerView.m */; };
		A65669CF267B43CC00CA65BF /* AVPlayerManager.m in Sources */ = {isa = PBXBuildFile; fileRef = A65669CC267B43CC00CA65BF /* AVPlayerManager.m */; };
		A6566A43267B48F300CA65BF /* CacheHelpler.m in Sources */ = {isa = PBXBuildFile; fileRef = A6566A42267B48F300CA65BF /* CacheHelpler.m */; };
		A6566A46267B498100CA65BF /* CoreServices.framework in Frameworks */ = {isa = PBXBuildFile; fileRef = A6566A45267B498100CA65BF /* CoreServices.framework */; };
		A6566A6E267B53FD00CA65BF /* AwemeListCell.m in Sources */ = {isa = PBXBuildFile; fileRef = A6566A6C267B53FD00CA65BF /* AwemeListCell.m */; };
		A6566A6F267B53FD00CA65BF /* AwemeListCell.xib in Resources */ = {isa = PBXBuildFile; fileRef = A6566A6D267B53FD00CA65BF /* AwemeListCell.xib */; };
		A6566A71267C35E900CA65BF /* AwemeListController.xib in Resources */ = {isa = PBXBuildFile; fileRef = A6566A70267C35E800CA65BF /* AwemeListController.xib */; };
		A6714F122681CCDF00AE7026 /* SDImageHEICCoder.m in Sources */ = {isa = PBXBuildFile; fileRef = A6714E852681CCDE00AE7026 /* SDImageHEICCoder.m */; };
		A6714F132681CCDF00AE7026 /* NSImage+Compatibility.m in Sources */ = {isa = PBXBuildFile; fileRef = A6714E872681CCDE00AE7026 /* NSImage+Compatibility.m */; };
		A6714F142681CCDF00AE7026 /* SDAnimatedImageView+WebCache.m in Sources */ = {isa = PBXBuildFile; fileRef = A6714E892681CCDE00AE7026 /* SDAnimatedImageView+WebCache.m */; };
		A6714F152681CCDF00AE7026 /* SDImageCoder.m in Sources */ = {isa = PBXBuildFile; fileRef = A6714E8B2681CCDE00AE7026 /* SDImageCoder.m */; };
		A6714F162681CCDF00AE7026 /* SDWebImageOperation.m in Sources */ = {isa = PBXBuildFile; fileRef = A6714E8E2681CCDE00AE7026 /* SDWebImageOperation.m */; };
		A6714F172681CCDF00AE7026 /* SDWebImageDownloaderDecryptor.m in Sources */ = {isa = PBXBuildFile; fileRef = A6714E912681CCDE00AE7026 /* SDWebImageDownloaderDecryptor.m */; };
		A6714F182681CCDF00AE7026 /* SDWebImageManager.m in Sources */ = {isa = PBXBuildFile; fileRef = A6714E952681CCDE00AE7026 /* SDWebImageManager.m */; };
		A6714F192681CCDF00AE7026 /* SDImageIOAnimatedCoder.m in Sources */ = {isa = PBXBuildFile; fileRef = A6714E972681CCDE00AE7026 /* SDImageIOAnimatedCoder.m */; };
		A6714F1A2681CCDF00AE7026 /* UIImageView+HighlightedWebCache.m in Sources */ = {isa = PBXBuildFile; fileRef = A6714E992681CCDE00AE7026 /* UIImageView+HighlightedWebCache.m */; };
		A6714F1B2681CCDF00AE7026 /* SDAnimatedImage.m in Sources */ = {isa = PBXBuildFile; fileRef = A6714E9E2681CCDE00AE7026 /* SDAnimatedImage.m */; };
		A6714F1C2681CCDF00AE7026 /* SDAnimatedImageView.m in Sources */ = {isa = PBXBuildFile; fileRef = A6714E9F2681CCDE00AE7026 /* SDAnimatedImageView.m */; };
		A6714F1D2681CCDF00AE7026 /* UIImage+ForceDecode.m in Sources */ = {isa = PBXBuildFile; fileRef = A6714EA02681CCDE00AE7026 /* UIImage+ForceDecode.m */; };
		A6714F1E2681CCDF00AE7026 /* SDImageAWebPCoder.m in Sources */ = {isa = PBXBuildFile; fileRef = A6714EA22681CCDE00AE7026 /* SDImageAWebPCoder.m */; };
		A6714F1F2681CCDF00AE7026 /* SDAnimatedImagePlayer.m in Sources */ = {isa = PBXBuildFile; fileRef = A6714EA42681CCDE00AE7026 /* SDAnimatedImagePlayer.m */; };
		A6714F202681CCDF00AE7026 /* UIImage+Transform.m in Sources */ = {isa = PBXBuildFile; fileRef = A6714EA52681CCDE00AE7026 /* UIImage+Transform.m */; };
		A6714F212681CCDF00AE7026 /* SDWebImageDownloader.m in Sources */ = {isa = PBXBuildFile; fileRef = A6714EA72681CCDE00AE7026 /* SDWebImageDownloader.m */; };
		A6714F222681CCDF00AE7026 /* SDImageLoader.m in Sources */ = {isa = PBXBuildFile; fileRef = A6714EA92681CCDE00AE7026 /* SDImageLoader.m */; };
		A6714F232681CCDF00AE7026 /* SDWebImageCacheSerializer.m in Sources */ = {isa = PBXBuildFile; fileRef = A6714EAA2681CCDE00AE7026 /* SDWebImageCacheSerializer.m */; };
		A6714F242681CCDF00AE7026 /* SDWebImageIndicator.m in Sources */ = {isa = PBXBuildFile; fileRef = A6714EAB2681CCDE00AE7026 /* SDWebImageIndicator.m */; };
		A6714F252681CCDF00AE7026 /* SDGraphicsImageRenderer.m in Sources */ = {isa = PBXBuildFile; fileRef = A6714EAC2681CCDE00AE7026 /* SDGraphicsImageRenderer.m */; };
		A6714F262681CCDF00AE7026 /* UIImage+GIF.m in Sources */ = {isa = PBXBuildFile; fileRef = A6714EAD2681CCDE00AE7026 /* UIImage+GIF.m */; };
		A6714F272681CCDF00AE7026 /* SDImageCodersManager.m in Sources */ = {isa = PBXBuildFile; fileRef = A6714EAE2681CCDE00AE7026 /* SDImageCodersManager.m */; };
		A6714F282681CCDF00AE7026 /* UIImage+MultiFormat.m in Sources */ = {isa = PBXBuildFile; fileRef = A6714EB12681CCDE00AE7026 /* UIImage+MultiFormat.m */; };
		A6714F292681CCDF00AE7026 /* SDMemoryCache.m in Sources */ = {isa = PBXBuildFile; fileRef = A6714EB22681CCDE00AE7026 /* SDMemoryCache.m */; };
		A6714F2A2681CCDF00AE7026 /* SDWebImageCompat.m in Sources */ = {isa = PBXBuildFile; fileRef = A6714EB42681CCDE00AE7026 /* SDWebImageCompat.m */; };
		A6714F2B2681CCDF00AE7026 /* SDImageAPNGCoder.m in Sources */ = {isa = PBXBuildFile; fileRef = A6714EB52681CCDE00AE7026 /* SDImageAPNGCoder.m */; };
		A6714F2C2681CCDF00AE7026 /* SDWebImageDownloaderResponseModifier.m in Sources */ = {isa = PBXBuildFile; fileRef = A6714EB62681CCDE00AE7026 /* SDWebImageDownloaderResponseModifier.m */; };
		A6714F2D2681CCDF00AE7026 /* SDWebImageError.m in Sources */ = {isa = PBXBuildFile; fileRef = A6714EB72681CCDE00AE7026 /* SDWebImageError.m */; };
		A6714F2E2681CCDF00AE7026 /* SDWebImagePrefetcher.m in Sources */ = {isa = PBXBuildFile; fileRef = A6714EB82681CCDE00AE7026 /* SDWebImagePrefetcher.m */; };
		A6714F2F2681CCDF00AE7026 /* SDImageCoderHelper.m in Sources */ = {isa = PBXBuildFile; fileRef = A6714EB92681CCDE00AE7026 /* SDImageCoderHelper.m */; };
		A6714F302681CCDF00AE7026 /* NSButton+WebCache.m in Sources */ = {isa = PBXBuildFile; fileRef = A6714EBE2681CCDE00AE7026 /* NSButton+WebCache.m */; };
		A6714F312681CCDF00AE7026 /* SDImageIOCoder.m in Sources */ = {isa = PBXBuildFile; fileRef = A6714EC02681CCDE00AE7026 /* SDImageIOCoder.m */; };
		A6714F322681CCDF00AE7026 /* SDDiskCache.m in Sources */ = {isa = PBXBuildFile; fileRef = A6714EC22681CCDE00AE7026 /* SDDiskCache.m */; };
		A6714F332681CCDF00AE7026 /* SDAnimatedImageRep.m in Sources */ = {isa = PBXBuildFile; fileRef = A6714EC42681CCDE00AE7026 /* SDAnimatedImageRep.m */; };
		A6714F342681CCDF00AE7026 /* UIImage+ExtendedCacheData.m in Sources */ = {isa = PBXBuildFile; fileRef = A6714EC62681CCDE00AE7026 /* UIImage+ExtendedCacheData.m */; };
		A6714F352681CCDF00AE7026 /* SDWebImageDownloaderConfig.m in Sources */ = {isa = PBXBuildFile; fileRef = A6714EC82681CCDE00AE7026 /* SDWebImageDownloaderConfig.m */; };
		A6714F362681CCDF00AE7026 /* SDImageCache.m in Sources */ = {isa = PBXBuildFile; fileRef = A6714ECA2681CCDE00AE7026 /* SDImageCache.m */; };
		A6714F372681CCDF00AE7026 /* SDImageGIFCoder.m in Sources */ = {isa = PBXBuildFile; fileRef = A6714ECB2681CCDE00AE7026 /* SDImageGIFCoder.m */; };
		A6714F382681CCDF00AE7026 /* SDImageFrame.m in Sources */ = {isa = PBXBuildFile; fileRef = A6714ECD2681CCDE00AE7026 /* SDImageFrame.m */; };
		A6714F392681CCDF00AE7026 /* SDWebImageDownloaderOperation.m in Sources */ = {isa = PBXBuildFile; fileRef = A6714ECE2681CCDE00AE7026 /* SDWebImageDownloaderOperation.m */; };
		A6714F3A2681CCDF00AE7026 /* SDImageLoadersManager.m in Sources */ = {isa = PBXBuildFile; fileRef = A6714ED02681CCDE00AE7026 /* SDImageLoadersManager.m */; };
		A6714F3B2681CCDF00AE7026 /* SDImageCachesManager.m in Sources */ = {isa = PBXBuildFile; fileRef = A6714ED12681CCDE00AE7026 /* SDImageCachesManager.m */; };
		A6714F3C2681CCDF00AE7026 /* SDWebImageTransition.m in Sources */ = {isa = PBXBuildFile; fileRef = A6714ED22681CCDE00AE7026 /* SDWebImageTransition.m */; };
		A6714F3D2681CCDF00AE7026 /* SDImageTransformer.m in Sources */ = {isa = PBXBuildFile; fileRef = A6714ED42681CCDE00AE7026 /* SDImageTransformer.m */; };
		A6714F3E2681CCDF00AE7026 /* NSData+ImageContentType.m in Sources */ = {isa = PBXBuildFile; fileRef = A6714ED52681CCDE00AE7026 /* NSData+ImageContentType.m */; };
		A6714F3F2681CCDF00AE7026 /* UIImageView+WebCache.m in Sources */ = {isa = PBXBuildFile; fileRef = A6714ED62681CCDE00AE7026 /* UIImageView+WebCache.m */; };
		A6714F402681CCDF00AE7026 /* SDImageGraphics.m in Sources */ = {isa = PBXBuildFile; fileRef = A6714ED92681CCDE00AE7026 /* SDImageGraphics.m */; };
		A6714F412681CCDF00AE7026 /* SDImageCacheDefine.m in Sources */ = {isa = PBXBuildFile; fileRef = A6714EDE2681CCDE00AE7026 /* SDImageCacheDefine.m */; };
		A6714F422681CCDF00AE7026 /* UIImage+MemoryCacheCost.m in Sources */ = {isa = PBXBuildFile; fileRef = A6714EE02681CCDE00AE7026 /* UIImage+MemoryCacheCost.m */; };
		A6714F432681CCDF00AE7026 /* SDImageCacheConfig.m in Sources */ = {isa = PBXBuildFile; fileRef = A6714EE32681CCDE00AE7026 /* SDImageCacheConfig.m */; };
		A6714F442681CCDF00AE7026 /* SDWebImageCacheKeyFilter.m in Sources */ = {isa = PBXBuildFile; fileRef = A6714EE42681CCDE00AE7026 /* SDWebImageCacheKeyFilter.m */; };
		A6714F452681CCDF00AE7026 /* SDWebImageDefine.m in Sources */ = {isa = PBXBuildFile; fileRef = A6714EE72681CCDE00AE7026 /* SDWebImageDefine.m */; };
		A6714F462681CCDF00AE7026 /* SDWebImageOptionsProcessor.m in Sources */ = {isa = PBXBuildFile; fileRef = A6714EE92681CCDE00AE7026 /* SDWebImageOptionsProcessor.m */; };
		A6714F472681CCDF00AE7026 /* UIView+WebCacheOperation.m in Sources */ = {isa = PBXBuildFile; fileRef = A6714EEA2681CCDE00AE7026 /* UIView+WebCacheOperation.m */; };
		A6714F482681CCDF00AE7026 /* UIView+WebCache.m in Sources */ = {isa = PBXBuildFile; fileRef = A6714EEB2681CCDE00AE7026 /* UIView+WebCache.m */; };
		A6714F492681CCDF00AE7026 /* UIImage+Metadata.m in Sources */ = {isa = PBXBuildFile; fileRef = A6714EF22681CCDF00AE7026 /* UIImage+Metadata.m */; };
		A6714F4A2681CCDF00AE7026 /* UIButton+WebCache.m in Sources */ = {isa = PBXBuildFile; fileRef = A6714EF42681CCDF00AE7026 /* UIButton+WebCache.m */; };
		A6714F4B2681CCDF00AE7026 /* SDWebImageDownloaderRequestModifier.m in Sources */ = {isa = PBXBuildFile; fileRef = A6714EF52681CCDF00AE7026 /* SDWebImageDownloaderRequestModifier.m */; };
		A6714F4C2681CCDF00AE7026 /* UIColor+SDHexString.m in Sources */ = {isa = PBXBuildFile; fileRef = A6714EFC2681CCDF00AE7026 /* UIColor+SDHexString.m */; };
		A6714F4D2681CCDF00AE7026 /* SDImageCachesManagerOperation.m in Sources */ = {isa = PBXBuildFile; fileRef = A6714EFE2681CCDF00AE7026 /* SDImageCachesManagerOperation.m */; };
		A6714F4E2681CCDF00AE7026 /* SDImageAssetManager.m in Sources */ = {isa = PBXBuildFile; fileRef = A6714F012681CCDF00AE7026 /* SDImageAssetManager.m */; };
		A6714F4F2681CCDF00AE7026 /* SDDeviceHelper.m in Sources */ = {isa = PBXBuildFile; fileRef = A6714F072681CCDF00AE7026 /* SDDeviceHelper.m */; };
		A6714F502681CCDF00AE7026 /* SDWeakProxy.m in Sources */ = {isa = PBXBuildFile; fileRef = A6714F082681CCDF00AE7026 /* SDWeakProxy.m */; };
		A6714F512681CCDF00AE7026 /* SDInternalMacros.m in Sources */ = {isa = PBXBuildFile; fileRef = A6714F092681CCDF00AE7026 /* SDInternalMacros.m */; };
		A6714F522681CCDF00AE7026 /* SDFileAttributeHelper.m in Sources */ = {isa = PBXBuildFile; fileRef = A6714F0A2681CCDF00AE7026 /* SDFileAttributeHelper.m */; };
		A6714F532681CCDF00AE7026 /* NSBezierPath+SDRoundedCorners.m in Sources */ = {isa = PBXBuildFile; fileRef = A6714F0C2681CCDF00AE7026 /* NSBezierPath+SDRoundedCorners.m */; };
		A6714F542681CCDF00AE7026 /* SDDisplayLink.m in Sources */ = {isa = PBXBuildFile; fileRef = A6714F0E2681CCDF00AE7026 /* SDDisplayLink.m */; };
		A6714F552681CCDF00AE7026 /* SDAsyncBlockOperation.m in Sources */ = {isa = PBXBuildFile; fileRef = A6714F102681CCDF00AE7026 /* SDAsyncBlockOperation.m */; };
		A6714F562681CCDF00AE7026 /* SDAssociatedObject.m in Sources */ = {isa = PBXBuildFile; fileRef = A6714F112681CCDF00AE7026 /* SDAssociatedObject.m */; };
		A6C7F87226661D0700A49576 /* AppDelegate.m in Sources */ = {isa = PBXBuildFile; fileRef = A6C7F87126661D0700A49576 /* AppDelegate.m */; };
		A6C7F87526661D0700A49576 /* SceneDelegate.m in Sources */ = {isa = PBXBuildFile; fileRef = A6C7F87426661D0700A49576 /* SceneDelegate.m */; };
		A6C7F87826661D0700A49576 /* ViewController.m in Sources */ = {isa = PBXBuildFile; fileRef = A6C7F87726661D0700A49576 /* ViewController.m */; };
		A6C7F87B26661D0700A49576 /* Main.storyboard in Resources */ = {isa = PBXBuildFile; fileRef = A6C7F87926661D0700A49576 /* Main.storyboard */; };
		A6C7F87D26661D0A00A49576 /* Assets.xcassets in Resources */ = {isa = PBXBuildFile; fileRef = A6C7F87C26661D0A00A49576 /* Assets.xcassets */; };
		A6C7F88026661D0A00A49576 /* LaunchScreen.storyboard in Resources */ = {isa = PBXBuildFile; fileRef = A6C7F87E26661D0A00A49576 /* LaunchScreen.storyboard */; };
		A6C7F88326661D0A00A49576 /* main.m in Sources */ = {isa = PBXBuildFile; fileRef = A6C7F88226661D0A00A49576 /* main.m */; };
		A6C7F88B2666213400A49576 /* VideoPlayer.m in Sources */ = {isa = PBXBuildFile; fileRef = A6C7F88A2666213400A49576 /* VideoPlayer.m */; };
		A6D9B17F268040F800CF7E62 /* ImageCache.m in Sources */ = {isa = PBXBuildFile; fileRef = A6D9B17E268040F800CF7E62 /* ImageCache.m */; };
/* End PBXBuildFile section */

/* Begin PBXFileReference section */
		A633384B268ACED7004F9BAF /* designedByAppleInCalifornia.mp4 */ = {isa = PBXFileReference; lastKnownFileType = file; path = designedByAppleInCalifornia.mp4; sourceTree = "<group>"; };
		A633385B268B084B004F9BAF /* SBPlayer.h */ = {isa = PBXFileReference; fileEncoding = 4; lastKnownFileType = sourcecode.c.h; path = SBPlayer.h; sourceTree = "<group>"; };
		A633385E268B084B004F9BAF /* 播放按钮 暂停@2x.png */ = {isa = PBXFileReference; lastKnownFileType = image.png; path = "播放按钮 暂停@2x.png"; sourceTree = "<group>"; };
		A633385F268B084B004F9BAF /* 播放按钮 暂停.png */ = {isa = PBXFileReference; lastKnownFileType = image.png; path = "播放按钮 暂停.png"; sourceTree = "<group>"; };
		A6333860268B084B004F9BAF /* 播放按钮 暂停@3x.png */ = {isa = PBXFileReference; lastKnownFileType = image.png; path = "播放按钮 暂停@3x.png"; sourceTree = "<group>"; };
		A6333862268B084B004F9BAF /* 播放按钮@2x.png */ = {isa = PBXFileReference; lastKnownFileType = image.png; path = "播放按钮@2x.png"; sourceTree = "<group>"; };
		A6333863268B084B004F9BAF /* 播放按钮.png */ = {isa = PBXFileReference; lastKnownFileType = image.png; path = "播放按钮.png"; sourceTree = "<group>"; };
		A6333864268B084B004F9BAF /* 播放按钮@3x.png */ = {isa = PBXFileReference; lastKnownFileType = image.png; path = "播放按钮@3x.png"; sourceTree = "<group>"; };
		A6333867268B084B004F9BAF /* SBControlView.h */ = {isa = PBXFileReference; fileEncoding = 4; lastKnownFileType = sourcecode.c.h; path = SBControlView.h; sourceTree = "<group>"; };
		A6333868268B084B004F9BAF /* SBPlayer.m */ = {isa = PBXFileReference; fileEncoding = 4; lastKnownFileType = sourcecode.c.objc; path = SBPlayer.m; sourceTree = "<group>"; };
		A6333869268B084B004F9BAF /* SBControlView.m */ = {isa = PBXFileReference; fileEncoding = 4; lastKnownFileType = sourcecode.c.objc; path = SBControlView.m; sourceTree = "<group>"; };
		A633386B268B084B004F9BAF /* VideoListViewController.m */ = {isa = PBXFileReference; fileEncoding = 4; lastKnownFileType = sourcecode.c.objc; path = VideoListViewController.m; sourceTree = "<group>"; };
		A633386C268B084B004F9BAF /* VideoListViewController.h */ = {isa = PBXFileReference; fileEncoding = 4; lastKnownFileType = sourcecode.c.h; path = VideoListViewController.h; sourceTree = "<group>"; };
		A633386E268B084B004F9BAF /* VideoListCell.xib */ = {isa = PBXFileReference; fileEncoding = 4; lastKnownFileType = file.xib; path = VideoListCell.xib; sourceTree = "<group>"; };
		A633386F268B084B004F9BAF /* VideoListCell.m */ = {isa = PBXFileReference; fileEncoding = 4; lastKnownFileType = sourcecode.c.objc; path = VideoListCell.m; sourceTree = "<group>"; };
		A6333871268B084B004F9BAF /* VideoListCell.h */ = {isa = PBXFileReference; fileEncoding = 4; lastKnownFileType = sourcecode.c.h; path = VideoListCell.h; sourceTree = "<group>"; };
		A652B09F2669DC830019F2C8 /* VideoPageViewController.h */ = {isa = PBXFileReference; lastKnownFileType = sourcecode.c.h; path = VideoPageViewController.h; sourceTree = "<group>"; };
		A652B0A02669DC830019F2C8 /* VideoPageViewController.m */ = {isa = PBXFileReference; lastKnownFileType = sourcecode.c.objc; path = VideoPageViewController.m; sourceTree = "<group>"; };
		A652B0A12669DC830019F2C8 /* VideoPageViewController.xib */ = {isa = PBXFileReference; lastKnownFileType = file.xib; path = VideoPageViewController.xib; sourceTree = "<group>"; };
		A652B0A62669DCA90019F2C8 /* PlayerContentViewController.h */ = {isa = PBXFileReference; fileEncoding = 4; lastKnownFileType = sourcecode.c.h; path = PlayerContentViewController.h; sourceTree = "<group>"; };
		A652B0A72669DCA90019F2C8 /* PlayerContentViewController.xib */ = {isa = PBXFileReference; fileEncoding = 4; lastKnownFileType = file.xib; path = PlayerContentViewController.xib; sourceTree = "<group>"; };
		A652B0A82669DCA90019F2C8 /* PlayerContentViewController.m */ = {isa = PBXFileReference; fileEncoding = 4; lastKnownFileType = sourcecode.c.objc; path = PlayerContentViewController.m; sourceTree = "<group>"; };
		A652B0AC266A257B0019F2C8 /* Utility.h */ = {isa = PBXFileReference; lastKnownFileType = sourcecode.c.h; path = Utility.h; sourceTree = "<group>"; };
		A652B0AD266A257B0019F2C8 /* Utility.m */ = {isa = PBXFileReference; lastKnownFileType = sourcecode.c.objc; path = Utility.m; sourceTree = "<group>"; };
		A654EE6726671A0E00B0D838 /* PlayerViewController.h */ = {isa = PBXFileReference; lastKnownFileType = sourcecode.c.h; path = PlayerViewController.h; sourceTree = "<group>"; };
		A654EE6826671A0E00B0D838 /* PlayerViewController.m */ = {isa = PBXFileReference; lastKnownFileType = sourcecode.c.objc; path = PlayerViewController.m; sourceTree = "<group>"; };
		A654EE6926671A0E00B0D838 /* PlayerViewController.xib */ = {isa = PBXFileReference; lastKnownFileType = file.xib; path = PlayerViewController.xib; sourceTree = "<group>"; };
		A65669C5267B43BD00CA65BF /* AwemeListController.m */ = {isa = PBXFileReference; fileEncoding = 4; lastKnownFileType = sourcecode.c.objc; path = AwemeListController.m; sourceTree = "<group>"; };
		A65669C6267B43BD00CA65BF /* AwemeListController.h */ = {isa = PBXFileReference; fileEncoding = 4; lastKnownFileType = sourcecode.c.h; path = AwemeListController.h; sourceTree = "<group>"; };
		A65669CA267B43CC00CA65BF /* AVPlayerManager.h */ = {isa = PBXFileReference; fileEncoding = 4; lastKnownFileType = sourcecode.c.h; path = AVPlayerManager.h; sourceTree = "<group>"; };
		A65669CB267B43CC00CA65BF /* AVPlayerView.m */ = {isa = PBXFileReference; fileEncoding = 4; lastKnownFileType = sourcecode.c.objc; path = AVPlayerView.m; sourceTree = "<group>"; };
		A65669CC267B43CC00CA65BF /* AVPlayerManager.m */ = {isa = PBXFileReference; fileEncoding = 4; lastKnownFileType = sourcecode.c.objc; path = AVPlayerManager.m; sourceTree = "<group>"; };
		A65669CD267B43CC00CA65BF /* AVPlayerView.h */ = {isa = PBXFileReference; fileEncoding = 4; lastKnownFileType = sourcecode.c.h; path = AVPlayerView.h; sourceTree = "<group>"; };
		A6566A41267B48F300CA65BF /* CacheHelpler.h */ = {isa = PBXFileReference; fileEncoding = 4; lastKnownFileType = sourcecode.c.h; path = CacheHelpler.h; sourceTree = "<group>"; };
		A6566A42267B48F300CA65BF /* CacheHelpler.m */ = {isa = PBXFileReference; fileEncoding = 4; lastKnownFileType = sourcecode.c.objc; path = CacheHelpler.m; sourceTree = "<group>"; };
		A6566A45267B498100CA65BF /* CoreServices.framework */ = {isa = PBXFileReference; lastKnownFileType = wrapper.framework; name = CoreServices.framework; path = System/Library/Frameworks/CoreServices.framework; sourceTree = SDKROOT; };
		A6566A6B267B53FD00CA65BF /* AwemeListCell.h */ = {isa = PBXFileReference; lastKnownFileType = sourcecode.c.h; path = AwemeListCell.h; sourceTree = "<group>"; };
		A6566A6C267B53FD00CA65BF /* AwemeListCell.m */ = {isa = PBXFileReference; lastKnownFileType = sourcecode.c.objc; path = AwemeListCell.m; sourceTree = "<group>"; };
		A6566A6D267B53FD00CA65BF /* AwemeListCell.xib */ = {isa = PBXFileReference; lastKnownFileType = file.xib; path = AwemeListCell.xib; sourceTree = "<group>"; };
		A6566A70267C35E800CA65BF /* AwemeListController.xib */ = {isa = PBXFileReference; fileEncoding = 4; lastKnownFileType = file.xib; path = AwemeListController.xib; sourceTree = "<group>"; };
		A6714E842681CCDE00AE7026 /* UIImage+ExtendedCacheData.h */ = {isa = PBXFileReference; fileEncoding = 4; lastKnownFileType = sourcecode.c.h; path = "UIImage+ExtendedCacheData.h"; sourceTree = "<group>"; };
		A6714E852681CCDE00AE7026 /* SDImageHEICCoder.m */ = {isa = PBXFileReference; fileEncoding = 4; lastKnownFileType = sourcecode.c.objc; path = SDImageHEICCoder.m; sourceTree = "<group>"; };
		A6714E862681CCDE00AE7026 /* SDAnimatedImageRep.h */ = {isa = PBXFileReference; fileEncoding = 4; lastKnownFileType = sourcecode.c.h; path = SDAnimatedImageRep.h; sourceTree = "<group>"; };
		A6714E872681CCDE00AE7026 /* NSImage+Compatibility.m */ = {isa = PBXFileReference; fileEncoding = 4; lastKnownFileType = sourcecode.c.objc; path = "NSImage+Compatibility.m"; sourceTree = "<group>"; };
		A6714E882681CCDE00AE7026 /* SDDiskCache.h */ = {isa = PBXFileReference; fileEncoding = 4; lastKnownFileType = sourcecode.c.h; path = SDDiskCache.h; sourceTree = "<group>"; };
		A6714E892681CCDE00AE7026 /* SDAnimatedImageView+WebCache.m */ = {isa = PBXFileReference; fileEncoding = 4; lastKnownFileType = sourcecode.c.objc; path = "SDAnimatedImageView+WebCache.m"; sourceTree = "<group>"; };
		A6714E8A2681CCDE00AE7026 /* SDImageIOCoder.h */ = {isa = PBXFileReference; fileEncoding = 4; lastKnownFileType = sourcecode.c.h; path = SDImageIOCoder.h; sourceTree = "<group>"; };
		A6714E8B2681CCDE00AE7026 /* SDImageCoder.m */ = {isa = PBXFileReference; fileEncoding = 4; lastKnownFileType = sourcecode.c.objc; path = SDImageCoder.m; sourceTree = "<group>"; };
		A6714E8C2681CCDE00AE7026 /* NSButton+WebCache.h */ = {isa = PBXFileReference; fileEncoding = 4; lastKnownFileType = sourcecode.c.h; path = "NSButton+WebCache.h"; sourceTree = "<group>"; };
		A6714E8D2681CCDE00AE7026 /* SDImageGraphics.h */ = {isa = PBXFileReference; fileEncoding = 4; lastKnownFileType = sourcecode.c.h; path = SDImageGraphics.h; sourceTree = "<group>"; };
		A6714E8E2681CCDE00AE7026 /* SDWebImageOperation.m */ = {isa = PBXFileReference; fileEncoding = 4; lastKnownFileType = sourcecode.c.objc; path = SDWebImageOperation.m; sourceTree = "<group>"; };
		A6714E8F2681CCDE00AE7026 /* UIImageView+WebCache.h */ = {isa = PBXFileReference; fileEncoding = 4; lastKnownFileType = sourcecode.c.h; path = "UIImageView+WebCache.h"; sourceTree = "<group>"; };
		A6714E902681CCDE00AE7026 /* NSData+ImageContentType.h */ = {isa = PBXFileReference; fileEncoding = 4; lastKnownFileType = sourcecode.c.h; path = "NSData+ImageContentType.h"; sourceTree = "<group>"; };
		A6714E912681CCDE00AE7026 /* SDWebImageDownloaderDecryptor.m */ = {isa = PBXFileReference; fileEncoding = 4; lastKnownFileType = sourcecode.c.objc; path = SDWebImageDownloaderDecryptor.m; sourceTree = "<group>"; };
		A6714E922681CCDE00AE7026 /* SDImageTransformer.h */ = {isa = PBXFileReference; fileEncoding = 4; lastKnownFileType = sourcecode.c.h; path = SDImageTransformer.h; sourceTree = "<group>"; };
		A6714E932681CCDE00AE7026 /* SDImageCachesManager.h */ = {isa = PBXFileReference; fileEncoding = 4; lastKnownFileType = sourcecode.c.h; path = SDImageCachesManager.h; sourceTree = "<group>"; };
		A6714E942681CCDE00AE7026 /* SDWebImageTransition.h */ = {isa = PBXFileReference; fileEncoding = 4; lastKnownFileType = sourcecode.c.h; path = SDWebImageTransition.h; sourceTree = "<group>"; };
		A6714E952681CCDE00AE7026 /* SDWebImageManager.m */ = {isa = PBXFileReference; fileEncoding = 4; lastKnownFileType = sourcecode.c.objc; path = SDWebImageManager.m; sourceTree = "<group>"; };
		A6714E962681CCDE00AE7026 /* SDImageLoadersManager.h */ = {isa = PBXFileReference; fileEncoding = 4; lastKnownFileType = sourcecode.c.h; path = SDImageLoadersManager.h; sourceTree = "<group>"; };
		A6714E972681CCDE00AE7026 /* SDImageIOAnimatedCoder.m */ = {isa = PBXFileReference; fileEncoding = 4; lastKnownFileType = sourcecode.c.objc; path = SDImageIOAnimatedCoder.m; sourceTree = "<group>"; };
		A6714E982681CCDE00AE7026 /* SDWebImageDownloaderOperation.h */ = {isa = PBXFileReference; fileEncoding = 4; lastKnownFileType = sourcecode.c.h; path = SDWebImageDownloaderOperation.h; sourceTree = "<group>"; };
		A6714E992681CCDE00AE7026 /* UIImageView+HighlightedWebCache.m */ = {isa = PBXFileReference; fileEncoding = 4; lastKnownFileType = sourcecode.c.objc; path = "UIImageView+HighlightedWebCache.m"; sourceTree = "<group>"; };
		A6714E9A2681CCDE00AE7026 /* SDImageFrame.h */ = {isa = PBXFileReference; fileEncoding = 4; lastKnownFileType = sourcecode.c.h; path = SDImageFrame.h; sourceTree = "<group>"; };
		A6714E9B2681CCDE00AE7026 /* SDImageGIFCoder.h */ = {isa = PBXFileReference; fileEncoding = 4; lastKnownFileType = sourcecode.c.h; path = SDImageGIFCoder.h; sourceTree = "<group>"; };
		A6714E9C2681CCDE00AE7026 /* SDImageCache.h */ = {isa = PBXFileReference; fileEncoding = 4; lastKnownFileType = sourcecode.c.h; path = SDImageCache.h; sourceTree = "<group>"; };
		A6714E9D2681CCDE00AE7026 /* SDWebImageDownloaderConfig.h */ = {isa = PBXFileReference; fileEncoding = 4; lastKnownFileType = sourcecode.c.h; path = SDWebImageDownloaderConfig.h; sourceTree = "<group>"; };
		A6714E9E2681CCDE00AE7026 /* SDAnimatedImage.m */ = {isa = PBXFileReference; fileEncoding = 4; lastKnownFileType = sourcecode.c.objc; path = SDAnimatedImage.m; sourceTree = "<group>"; };
		A6714E9F2681CCDE00AE7026 /* SDAnimatedImageView.m */ = {isa = PBXFileReference; fileEncoding = 4; lastKnownFileType = sourcecode.c.objc; path = SDAnimatedImageView.m; sourceTree = "<group>"; };
		A6714EA02681CCDE00AE7026 /* UIImage+ForceDecode.m */ = {isa = PBXFileReference; fileEncoding = 4; lastKnownFileType = sourcecode.c.objc; path = "UIImage+ForceDecode.m"; sourceTree = "<group>"; };
		A6714EA12681CCDE00AE7026 /* SDImageCacheConfig.h */ = {isa = PBXFileReference; fileEncoding = 4; lastKnownFileType = sourcecode.c.h; path = SDImageCacheConfig.h; sourceTree = "<group>"; };
		A6714EA22681CCDE00AE7026 /* SDImageAWebPCoder.m */ = {isa = PBXFileReference; fileEncoding = 4; lastKnownFileType = sourcecode.c.objc; path = SDImageAWebPCoder.m; sourceTree = "<group>"; };
		A6714EA32681CCDE00AE7026 /* SDWebImageCacheKeyFilter.h */ = {isa = PBXFileReference; fileEncoding = 4; lastKnownFileType = sourcecode.c.h; path = SDWebImageCacheKeyFilter.h; sourceTree = "<group>"; };
		A6714EA42681CCDE00AE7026 /* SDAnimatedImagePlayer.m */ = {isa = PBXFileReference; fileEncoding = 4; lastKnownFileType = sourcecode.c.objc; path = SDAnimatedImagePlayer.m; sourceTree = "<group>"; };
		A6714EA52681CCDE00AE7026 /* UIImage+Transform.m */ = {isa = PBXFileReference; fileEncoding = 4; lastKnownFileType = sourcecode.c.objc; path = "UIImage+Transform.m"; sourceTree = "<group>"; };
		A6714EA62681CCDE00AE7026 /* UIImage+MemoryCacheCost.h */ = {isa = PBXFileReference; fileEncoding = 4; lastKnownFileType = sourcecode.c.h; path = "UIImage+MemoryCacheCost.h"; sourceTree = "<group>"; };
		A6714EA72681CCDE00AE7026 /* SDWebImageDownloader.m */ = {isa = PBXFileReference; fileEncoding = 4; lastKnownFileType = sourcecode.c.objc; path = SDWebImageDownloader.m; sourceTree = "<group>"; };
		A6714EA82681CCDE00AE7026 /* SDImageCacheDefine.h */ = {isa = PBXFileReference; fileEncoding = 4; lastKnownFileType = sourcecode.c.h; path = SDImageCacheDefine.h; sourceTree = "<group>"; };
		A6714EA92681CCDE00AE7026 /* SDImageLoader.m */ = {isa = PBXFileReference; fileEncoding = 4; lastKnownFileType = sourcecode.c.objc; path = SDImageLoader.m; sourceTree = "<group>"; };
		A6714EAA2681CCDE00AE7026 /* SDWebImageCacheSerializer.m */ = {isa = PBXFileReference; fileEncoding = 4; lastKnownFileType = sourcecode.c.objc; path = SDWebImageCacheSerializer.m; sourceTree = "<group>"; };
		A6714EAB2681CCDE00AE7026 /* SDWebImageIndicator.m */ = {isa = PBXFileReference; fileEncoding = 4; lastKnownFileType = sourcecode.c.objc; path = SDWebImageIndicator.m; sourceTree = "<group>"; };
		A6714EAC2681CCDE00AE7026 /* SDGraphicsImageRenderer.m */ = {isa = PBXFileReference; fileEncoding = 4; lastKnownFileType = sourcecode.c.objc; path = SDGraphicsImageRenderer.m; sourceTree = "<group>"; };
		A6714EAD2681CCDE00AE7026 /* UIImage+GIF.m */ = {isa = PBXFileReference; fileEncoding = 4; lastKnownFileType = sourcecode.c.objc; path = "UIImage+GIF.m"; sourceTree = "<group>"; };
		A6714EAE2681CCDE00AE7026 /* SDImageCodersManager.m */ = {isa = PBXFileReference; fileEncoding = 4; lastKnownFileType = sourcecode.c.objc; path = SDImageCodersManager.m; sourceTree = "<group>"; };
		A6714EAF2681CCDE00AE7026 /* UIButton+WebCache.h */ = {isa = PBXFileReference; fileEncoding = 4; lastKnownFileType = sourcecode.c.h; path = "UIButton+WebCache.h"; sourceTree = "<group>"; };
		A6714EB02681CCDE00AE7026 /* SDWebImageDownloaderRequestModifier.h */ = {isa = PBXFileReference; fileEncoding = 4; lastKnownFileType = sourcecode.c.h; path = SDWebImageDownloaderRequestModifier.h; sourceTree = "<group>"; };
		A6714EB12681CCDE00AE7026 /* UIImage+MultiFormat.m */ = {isa = PBXFileReference; fileEncoding = 4; lastKnownFileType = sourcecode.c.objc; path = "UIImage+MultiFormat.m"; sourceTree = "<group>"; };
		A6714EB22681CCDE00AE7026 /* SDMemoryCache.m */ = {isa = PBXFileReference; fileEncoding = 4; lastKnownFileType = sourcecode.c.objc; path = SDMemoryCache.m; sourceTree = "<group>"; };
		A6714EB32681CCDE00AE7026 /* UIImage+Metadata.h */ = {isa = PBXFileReference; fileEncoding = 4; lastKnownFileType = sourcecode.c.h; path = "UIImage+Metadata.h"; sourceTree = "<group>"; };
		A6714EB42681CCDE00AE7026 /* SDWebImageCompat.m */ = {isa = PBXFileReference; fileEncoding = 4; lastKnownFileType = sourcecode.c.objc; path = SDWebImageCompat.m; sourceTree = "<group>"; };
		A6714EB52681CCDE00AE7026 /* SDImageAPNGCoder.m */ = {isa = PBXFileReference; fileEncoding = 4; lastKnownFileType = sourcecode.c.objc; path = SDImageAPNGCoder.m; sourceTree = "<group>"; };
		A6714EB62681CCDE00AE7026 /* SDWebImageDownloaderResponseModifier.m */ = {isa = PBXFileReference; fileEncoding = 4; lastKnownFileType = sourcecode.c.objc; path = SDWebImageDownloaderResponseModifier.m; sourceTree = "<group>"; };
		A6714EB72681CCDE00AE7026 /* SDWebImageError.m */ = {isa = PBXFileReference; fileEncoding = 4; lastKnownFileType = sourcecode.c.objc; path = SDWebImageError.m; sourceTree = "<group>"; };
		A6714EB82681CCDE00AE7026 /* SDWebImagePrefetcher.m */ = {isa = PBXFileReference; fileEncoding = 4; lastKnownFileType = sourcecode.c.objc; path = SDWebImagePrefetcher.m; sourceTree = "<group>"; };
		A6714EB92681CCDE00AE7026 /* SDImageCoderHelper.m */ = {isa = PBXFileReference; fileEncoding = 4; lastKnownFileType = sourcecode.c.objc; path = SDImageCoderHelper.m; sourceTree = "<group>"; };
		A6714EBA2681CCDE00AE7026 /* SDWebImageOptionsProcessor.h */ = {isa = PBXFileReference; fileEncoding = 4; lastKnownFileType = sourcecode.c.h; path = SDWebImageOptionsProcessor.h; sourceTree = "<group>"; };
		A6714EBB2681CCDE00AE7026 /* UIView+WebCache.h */ = {isa = PBXFileReference; fileEncoding = 4; lastKnownFileType = sourcecode.c.h; path = "UIView+WebCache.h"; sourceTree = "<group>"; };
		A6714EBC2681CCDE00AE7026 /* UIView+WebCacheOperation.h */ = {isa = PBXFileReference; fileEncoding = 4; lastKnownFileType = sourcecode.c.h; path = "UIView+WebCacheOperation.h"; sourceTree = "<group>"; };
		A6714EBD2681CCDE00AE7026 /* SDWebImageDefine.h */ = {isa = PBXFileReference; fileEncoding = 4; lastKnownFileType = sourcecode.c.h; path = SDWebImageDefine.h; sourceTree = "<group>"; };
		A6714EBE2681CCDE00AE7026 /* NSButton+WebCache.m */ = {isa = PBXFileReference; fileEncoding = 4; lastKnownFileType = sourcecode.c.objc; path = "NSButton+WebCache.m"; sourceTree = "<group>"; };
		A6714EBF2681CCDE00AE7026 /* SDImageCoder.h */ = {isa = PBXFileReference; fileEncoding = 4; lastKnownFileType = sourcecode.c.h; path = SDImageCoder.h; sourceTree = "<group>"; };
		A6714EC02681CCDE00AE7026 /* SDImageIOCoder.m */ = {isa = PBXFileReference; fileEncoding = 4; lastKnownFileType = sourcecode.c.objc; path = SDImageIOCoder.m; sourceTree = "<group>"; };
		A6714EC12681CCDE00AE7026 /* SDAnimatedImageView+WebCache.h */ = {isa = PBXFileReference; fileEncoding = 4; lastKnownFileType = sourcecode.c.h; path = "SDAnimatedImageView+WebCache.h"; sourceTree = "<group>"; };
		A6714EC22681CCDE00AE7026 /* SDDiskCache.m */ = {isa = PBXFileReference; fileEncoding = 4; lastKnownFileType = sourcecode.c.objc; path = SDDiskCache.m; sourceTree = "<group>"; };
		A6714EC32681CCDE00AE7026 /* NSImage+Compatibility.h */ = {isa = PBXFileReference; fileEncoding = 4; lastKnownFileType = sourcecode.c.h; path = "NSImage+Compatibility.h"; sourceTree = "<group>"; };
		A6714EC42681CCDE00AE7026 /* SDAnimatedImageRep.m */ = {isa = PBXFileReference; fileEncoding = 4; lastKnownFileType = sourcecode.c.objc; path = SDAnimatedImageRep.m; sourceTree = "<group>"; };
		A6714EC52681CCDE00AE7026 /* SDImageHEICCoder.h */ = {isa = PBXFileReference; fileEncoding = 4; lastKnownFileType = sourcecode.c.h; path = SDImageHEICCoder.h; sourceTree = "<group>"; };
		A6714EC62681CCDE00AE7026 /* UIImage+ExtendedCacheData.m */ = {isa = PBXFileReference; fileEncoding = 4; lastKnownFileType = sourcecode.c.objc; path = "UIImage+ExtendedCacheData.m"; sourceTree = "<group>"; };
		A6714EC72681CCDE00AE7026 /* SDAnimatedImageView.h */ = {isa = PBXFileReference; fileEncoding = 4; lastKnownFileType = sourcecode.c.h; path = SDAnimatedImageView.h; sourceTree = "<group>"; };
		A6714EC82681CCDE00AE7026 /* SDWebImageDownloaderConfig.m */ = {isa = PBXFileReference; fileEncoding = 4; lastKnownFileType = sourcecode.c.objc; path = SDWebImageDownloaderConfig.m; sourceTree = "<group>"; };
		A6714EC92681CCDE00AE7026 /* SDAnimatedImage.h */ = {isa = PBXFileReference; fileEncoding = 4; lastKnownFileType = sourcecode.c.h; path = SDAnimatedImage.h; sourceTree = "<group>"; };
		A6714ECA2681CCDE00AE7026 /* SDImageCache.m */ = {isa = PBXFileReference; fileEncoding = 4; lastKnownFileType = sourcecode.c.objc; path = SDImageCache.m; sourceTree = "<group>"; };
		A6714ECB2681CCDE00AE7026 /* SDImageGIFCoder.m */ = {isa = PBXFileReference; fileEncoding = 4; lastKnownFileType = sourcecode.c.objc; path = SDImageGIFCoder.m; sourceTree = "<group>"; };
		A6714ECC2681CCDE00AE7026 /* UIImageView+HighlightedWebCache.h */ = {isa = PBXFileReference; fileEncoding = 4; lastKnownFileType = sourcecode.c.h; path = "UIImageView+HighlightedWebCache.h"; sourceTree = "<group>"; };
		A6714ECD2681CCDE00AE7026 /* SDImageFrame.m */ = {isa = PBXFileReference; fileEncoding = 4; lastKnownFileType = sourcecode.c.objc; path = SDImageFrame.m; sourceTree = "<group>"; };
		A6714ECE2681CCDE00AE7026 /* SDWebImageDownloaderOperation.m */ = {isa = PBXFileReference; fileEncoding = 4; lastKnownFileType = sourcecode.c.objc; path = SDWebImageDownloaderOperation.m; sourceTree = "<group>"; };
		A6714ECF2681CCDE00AE7026 /* SDImageIOAnimatedCoder.h */ = {isa = PBXFileReference; fileEncoding = 4; lastKnownFileType = sourcecode.c.h; path = SDImageIOAnimatedCoder.h; sourceTree = "<group>"; };
		A6714ED02681CCDE00AE7026 /* SDImageLoadersManager.m */ = {isa = PBXFileReference; fileEncoding = 4; lastKnownFileType = sourcecode.c.objc; path = SDImageLoadersManager.m; sourceTree = "<group>"; };
		A6714ED12681CCDE00AE7026 /* SDImageCachesManager.m */ = {isa = PBXFileReference; fileEncoding = 4; lastKnownFileType = sourcecode.c.objc; path = SDImageCachesManager.m; sourceTree = "<group>"; };
		A6714ED22681CCDE00AE7026 /* SDWebImageTransition.m */ = {isa = PBXFileReference; fileEncoding = 4; lastKnownFileType = sourcecode.c.objc; path = SDWebImageTransition.m; sourceTree = "<group>"; };
		A6714ED32681CCDE00AE7026 /* SDWebImageManager.h */ = {isa = PBXFileReference; fileEncoding = 4; lastKnownFileType = sourcecode.c.h; path = SDWebImageManager.h; sourceTree = "<group>"; };
		A6714ED42681CCDE00AE7026 /* SDImageTransformer.m */ = {isa = PBXFileReference; fileEncoding = 4; lastKnownFileType = sourcecode.c.objc; path = SDImageTransformer.m; sourceTree = "<group>"; };
		A6714ED52681CCDE00AE7026 /* NSData+ImageContentType.m */ = {isa = PBXFileReference; fileEncoding = 4; lastKnownFileType = sourcecode.c.objc; path = "NSData+ImageContentType.m"; sourceTree = "<group>"; };
		A6714ED62681CCDE00AE7026 /* UIImageView+WebCache.m */ = {isa = PBXFileReference; fileEncoding = 4; lastKnownFileType = sourcecode.c.objc; path = "UIImageView+WebCache.m"; sourceTree = "<group>"; };
		A6714ED72681CCDE00AE7026 /* SDWebImageDownloaderDecryptor.h */ = {isa = PBXFileReference; fileEncoding = 4; lastKnownFileType = sourcecode.c.h; path = SDWebImageDownloaderDecryptor.h; sourceTree = "<group>"; };
		A6714ED82681CCDE00AE7026 /* SDWebImageOperation.h */ = {isa = PBXFileReference; fileEncoding = 4; lastKnownFileType = sourcecode.c.h; path = SDWebImageOperation.h; sourceTree = "<group>"; };
		A6714ED92681CCDE00AE7026 /* SDImageGraphics.m */ = {isa = PBXFileReference; fileEncoding = 4; lastKnownFileType = sourcecode.c.objc; path = SDImageGraphics.m; sourceTree = "<group>"; };
		A6714EDA2681CCDE00AE7026 /* SDGraphicsImageRenderer.h */ = {isa = PBXFileReference; fileEncoding = 4; lastKnownFileType = sourcecode.c.h; path = SDGraphicsImageRenderer.h; sourceTree = "<group>"; };
		A6714EDB2681CCDE00AE7026 /* SDWebImageIndicator.h */ = {isa = PBXFileReference; fileEncoding = 4; lastKnownFileType = sourcecode.c.h; path = SDWebImageIndicator.h; sourceTree = "<group>"; };
		A6714EDC2681CCDE00AE7026 /* SDWebImageCacheSerializer.h */ = {isa = PBXFileReference; fileEncoding = 4; lastKnownFileType = sourcecode.c.h; path = SDWebImageCacheSerializer.h; sourceTree = "<group>"; };
		A6714EDD2681CCDE00AE7026 /* SDImageLoader.h */ = {isa = PBXFileReference; fileEncoding = 4; lastKnownFileType = sourcecode.c.h; path = SDImageLoader.h; sourceTree = "<group>"; };
		A6714EDE2681CCDE00AE7026 /* SDImageCacheDefine.m */ = {isa = PBXFileReference; fileEncoding = 4; lastKnownFileType = sourcecode.c.objc; path = SDImageCacheDefine.m; sourceTree = "<group>"; };
		A6714EDF2681CCDE00AE7026 /* SDWebImageDownloader.h */ = {isa = PBXFileReference; fileEncoding = 4; lastKnownFileType = sourcecode.c.h; path = SDWebImageDownloader.h; sourceTree = "<group>"; };
		A6714EE02681CCDE00AE7026 /* UIImage+MemoryCacheCost.m */ = {isa = PBXFileReference; fileEncoding = 4; lastKnownFileType = sourcecode.c.objc; path = "UIImage+MemoryCacheCost.m"; sourceTree = "<group>"; };
		A6714EE12681CCDE00AE7026 /* UIImage+Transform.h */ = {isa = PBXFileReference; fileEncoding = 4; lastKnownFileType = sourcecode.c.h; path = "UIImage+Transform.h"; sourceTree = "<group>"; };
		A6714EE22681CCDE00AE7026 /* SDAnimatedImagePlayer.h */ = {isa = PBXFileReference; fileEncoding = 4; lastKnownFileType = sourcecode.c.h; path = SDAnimatedImagePlayer.h; sourceTree = "<group>"; };
		A6714EE32681CCDE00AE7026 /* SDImageCacheConfig.m */ = {isa = PBXFileReference; fileEncoding = 4; lastKnownFileType = sourcecode.c.objc; path = SDImageCacheConfig.m; sourceTree = "<group>"; };
		A6714EE42681CCDE00AE7026 /* SDWebImageCacheKeyFilter.m */ = {isa = PBXFileReference; fileEncoding = 4; lastKnownFileType = sourcecode.c.objc; path = SDWebImageCacheKeyFilter.m; sourceTree = "<group>"; };
		A6714EE52681CCDE00AE7026 /* SDImageAWebPCoder.h */ = {isa = PBXFileReference; fileEncoding = 4; lastKnownFileType = sourcecode.c.h; path = SDImageAWebPCoder.h; sourceTree = "<group>"; };
		A6714EE62681CCDE00AE7026 /* UIImage+ForceDecode.h */ = {isa = PBXFileReference; fileEncoding = 4; lastKnownFileType = sourcecode.c.h; path = "UIImage+ForceDecode.h"; sourceTree = "<group>"; };
		A6714EE72681CCDE00AE7026 /* SDWebImageDefine.m */ = {isa = PBXFileReference; fileEncoding = 4; lastKnownFileType = sourcecode.c.objc; path = SDWebImageDefine.m; sourceTree = "<group>"; };
		A6714EE82681CCDE00AE7026 /* SDImageCoderHelper.h */ = {isa = PBXFileReference; fileEncoding = 4; lastKnownFileType = sourcecode.c.h; path = SDImageCoderHelper.h; sourceTree = "<group>"; };
		A6714EE92681CCDE00AE7026 /* SDWebImageOptionsProcessor.m */ = {isa = PBXFileReference; fileEncoding = 4; lastKnownFileType = sourcecode.c.objc; path = SDWebImageOptionsProcessor.m; sourceTree = "<group>"; };
		A6714EEA2681CCDE00AE7026 /* UIView+WebCacheOperation.m */ = {isa = PBXFileReference; fileEncoding = 4; lastKnownFileType = sourcecode.c.objc; path = "UIView+WebCacheOperation.m"; sourceTree = "<group>"; };
		A6714EEB2681CCDE00AE7026 /* UIView+WebCache.m */ = {isa = PBXFileReference; fileEncoding = 4; lastKnownFileType = sourcecode.c.objc; path = "UIView+WebCache.m"; sourceTree = "<group>"; };
		A6714EEC2681CCDE00AE7026 /* SDWebImagePrefetcher.h */ = {isa = PBXFileReference; fileEncoding = 4; lastKnownFileType = sourcecode.c.h; path = SDWebImagePrefetcher.h; sourceTree = "<group>"; };
		A6714EED2681CCDE00AE7026 /* SDWebImageDownloaderResponseModifier.h */ = {isa = PBXFileReference; fileEncoding = 4; lastKnownFileType = sourcecode.c.h; path = SDWebImageDownloaderResponseModifier.h; sourceTree = "<group>"; };
		A6714EEE2681CCDF00AE7026 /* SDImageAPNGCoder.h */ = {isa = PBXFileReference; fileEncoding = 4; lastKnownFileType = sourcecode.c.h; path = SDImageAPNGCoder.h; sourceTree = "<group>"; };
		A6714EEF2681CCDF00AE7026 /* SDWebImageError.h */ = {isa = PBXFileReference; fileEncoding = 4; lastKnownFileType = sourcecode.c.h; path = SDWebImageError.h; sourceTree = "<group>"; };
		A6714EF02681CCDF00AE7026 /* SDWebImageCompat.h */ = {isa = PBXFileReference; fileEncoding = 4; lastKnownFileType = sourcecode.c.h; path = SDWebImageCompat.h; sourceTree = "<group>"; };
		A6714EF12681CCDF00AE7026 /* SDMemoryCache.h */ = {isa = PBXFileReference; fileEncoding = 4; lastKnownFileType = sourcecode.c.h; path = SDMemoryCache.h; sourceTree = "<group>"; };
		A6714EF22681CCDF00AE7026 /* UIImage+Metadata.m */ = {isa = PBXFileReference; fileEncoding = 4; lastKnownFileType = sourcecode.c.objc; path = "UIImage+Metadata.m"; sourceTree = "<group>"; };
		A6714EF32681CCDF00AE7026 /* UIImage+MultiFormat.h */ = {isa = PBXFileReference; fileEncoding = 4; lastKnownFileType = sourcecode.c.h; path = "UIImage+MultiFormat.h"; sourceTree = "<group>"; };
		A6714EF42681CCDF00AE7026 /* UIButton+WebCache.m */ = {isa = PBXFileReference; fileEncoding = 4; lastKnownFileType = sourcecode.c.objc; path = "UIButton+WebCache.m"; sourceTree = "<group>"; };
		A6714EF52681CCDF00AE7026 /* SDWebImageDownloaderRequestModifier.m */ = {isa = PBXFileReference; fileEncoding = 4; lastKnownFileType = sourcecode.c.objc; path = SDWebImageDownloaderRequestModifier.m; sourceTree = "<group>"; };
		A6714EF62681CCDF00AE7026 /* SDImageCodersManager.h */ = {isa = PBXFileReference; fileEncoding = 4; lastKnownFileType = sourcecode.c.h; path = SDImageCodersManager.h; sourceTree = "<group>"; };
		A6714EF72681CCDF00AE7026 /* UIImage+GIF.h */ = {isa = PBXFileReference; fileEncoding = 4; lastKnownFileType = sourcecode.c.h; path = "UIImage+GIF.h"; sourceTree = "<group>"; };
		A6714EF92681CCDF00AE7026 /* SDDeviceHelper.h */ = {isa = PBXFileReference; fileEncoding = 4; lastKnownFileType = sourcecode.c.h; path = SDDeviceHelper.h; sourceTree = "<group>"; };
		A6714EFA2681CCDF00AE7026 /* SDWeakProxy.h */ = {isa = PBXFileReference; fileEncoding = 4; lastKnownFileType = sourcecode.c.h; path = SDWeakProxy.h; sourceTree = "<group>"; };
		A6714EFB2681CCDF00AE7026 /* SDWebImageTransitionInternal.h */ = {isa = PBXFileReference; fileEncoding = 4; lastKnownFileType = sourcecode.c.h; path = SDWebImageTransitionInternal.h; sourceTree = "<group>"; };
		A6714EFC2681CCDF00AE7026 /* UIColor+SDHexString.m */ = {isa = PBXFileReference; fileEncoding = 4; lastKnownFileType = sourcecode.c.objc; path = "UIColor+SDHexString.m"; sourceTree = "<group>"; };
		A6714EFD2681CCDF00AE7026 /* NSBezierPath+SDRoundedCorners.h */ = {isa = PBXFileReference; fileEncoding = 4; lastKnownFileType = sourcecode.c.h; path = "NSBezierPath+SDRoundedCorners.h"; sourceTree = "<group>"; };
		A6714EFE2681CCDF00AE7026 /* SDImageCachesManagerOperation.m */ = {isa = PBXFileReference; fileEncoding = 4; lastKnownFileType = sourcecode.c.objc; path = SDImageCachesManagerOperation.m; sourceTree = "<group>"; };
		A6714EFF2681CCDF00AE7026 /* SDFileAttributeHelper.h */ = {isa = PBXFileReference; fileEncoding = 4; lastKnownFileType = sourcecode.c.h; path = SDFileAttributeHelper.h; sourceTree = "<group>"; };
		A6714F002681CCDF00AE7026 /* SDInternalMacros.h */ = {isa = PBXFileReference; fileEncoding = 4; lastKnownFileType = sourcecode.c.h; path = SDInternalMacros.h; sourceTree = "<group>"; };
		A6714F012681CCDF00AE7026 /* SDImageAssetManager.m */ = {isa = PBXFileReference; fileEncoding = 4; lastKnownFileType = sourcecode.c.objc; path = SDImageAssetManager.m; sourceTree = "<group>"; };
		A6714F022681CCDF00AE7026 /* SDAsyncBlockOperation.h */ = {isa = PBXFileReference; fileEncoding = 4; lastKnownFileType = sourcecode.c.h; path = SDAsyncBlockOperation.h; sourceTree = "<group>"; };
		A6714F032681CCDF00AE7026 /* SDDisplayLink.h */ = {isa = PBXFileReference; fileEncoding = 4; lastKnownFileType = sourcecode.c.h; path = SDDisplayLink.h; sourceTree = "<group>"; };
		A6714F042681CCDF00AE7026 /* SDAssociatedObject.h */ = {isa = PBXFileReference; fileEncoding = 4; lastKnownFileType = sourcecode.c.h; path = SDAssociatedObject.h; sourceTree = "<group>"; };
		A6714F052681CCDF00AE7026 /* SDmetamacros.h */ = {isa = PBXFileReference; fileEncoding = 4; lastKnownFileType = sourcecode.c.h; path = SDmetamacros.h; sourceTree = "<group>"; };
		A6714F062681CCDF00AE7026 /* SDImageIOAnimatedCoderInternal.h */ = {isa = PBXFileReference; fileEncoding = 4; lastKnownFileType = sourcecode.c.h; path = SDImageIOAnimatedCoderInternal.h; sourceTree = "<group>"; };
		A6714F072681CCDF00AE7026 /* SDDeviceHelper.m */ = {isa = PBXFileReference; fileEncoding = 4; lastKnownFileType = sourcecode.c.objc; path = SDDeviceHelper.m; sourceTree = "<group>"; };
		A6714F082681CCDF00AE7026 /* SDWeakProxy.m */ = {isa = PBXFileReference; fileEncoding = 4; lastKnownFileType = sourcecode.c.objc; path = SDWeakProxy.m; sourceTree = "<group>"; };
		A6714F092681CCDF00AE7026 /* SDInternalMacros.m */ = {isa = PBXFileReference; fileEncoding = 4; lastKnownFileType = sourcecode.c.objc; path = SDInternalMacros.m; sourceTree = "<group>"; };
		A6714F0A2681CCDF00AE7026 /* SDFileAttributeHelper.m */ = {isa = PBXFileReference; fileEncoding = 4; lastKnownFileType = sourcecode.c.objc; path = SDFileAttributeHelper.m; sourceTree = "<group>"; };
		A6714F0B2681CCDF00AE7026 /* SDImageCachesManagerOperation.h */ = {isa = PBXFileReference; fileEncoding = 4; lastKnownFileType = sourcecode.c.h; path = SDImageCachesManagerOperation.h; sourceTree = "<group>"; };
		A6714F0C2681CCDF00AE7026 /* NSBezierPath+SDRoundedCorners.m */ = {isa = PBXFileReference; fileEncoding = 4; lastKnownFileType = sourcecode.c.objc; path = "NSBezierPath+SDRoundedCorners.m"; sourceTree = "<group>"; };
		A6714F0D2681CCDF00AE7026 /* UIColor+SDHexString.h */ = {isa = PBXFileReference; fileEncoding = 4; lastKnownFileType = sourcecode.c.h; path = "UIColor+SDHexString.h"; sourceTree = "<group>"; };
		A6714F0E2681CCDF00AE7026 /* SDDisplayLink.m */ = {isa = PBXFileReference; fileEncoding = 4; lastKnownFileType = sourcecode.c.objc; path = SDDisplayLink.m; sourceTree = "<group>"; };
		A6714F0F2681CCDF00AE7026 /* SDImageAssetManager.h */ = {isa = PBXFileReference; fileEncoding = 4; lastKnownFileType = sourcecode.c.h; path = SDImageAssetManager.h; sourceTree = "<group>"; };
		A6714F102681CCDF00AE7026 /* SDAsyncBlockOperation.m */ = {isa = PBXFileReference; fileEncoding = 4; lastKnownFileType = sourcecode.c.objc; path = SDAsyncBlockOperation.m; sourceTree = "<group>"; };
		A6714F112681CCDF00AE7026 /* SDAssociatedObject.m */ = {isa = PBXFileReference; fileEncoding = 4; lastKnownFileType = sourcecode.c.objc; path = SDAssociatedObject.m; sourceTree = "<group>"; };
		A6C7F86D26661D0700A49576 /* AVPlayerDemo.app */ = {isa = PBXFileReference; explicitFileType = wrapper.application; includeInIndex = 0; path = AVPlayerDemo.app; sourceTree = BUILT_PRODUCTS_DIR; };
		A6C7F87026661D0700A49576 /* AppDelegate.h */ = {isa = PBXFileReference; lastKnownFileType = sourcecode.c.h; path = AppDelegate.h; sourceTree = "<group>"; };
		A6C7F87126661D0700A49576 /* AppDelegate.m */ = {isa = PBXFileReference; lastKnownFileType = sourcecode.c.objc; path = AppDelegate.m; sourceTree = "<group>"; };
		A6C7F87326661D0700A49576 /* SceneDelegate.h */ = {isa = PBXFileReference; lastKnownFileType = sourcecode.c.h; path = SceneDelegate.h; sourceTree = "<group>"; };
		A6C7F87426661D0700A49576 /* SceneDelegate.m */ = {isa = PBXFileReference; lastKnownFileType = sourcecode.c.objc; path = SceneDelegate.m; sourceTree = "<group>"; };
		A6C7F87626661D0700A49576 /* ViewController.h */ = {isa = PBXFileReference; lastKnownFileType = sourcecode.c.h; path = ViewController.h; sourceTree = "<group>"; };
		A6C7F87726661D0700A49576 /* ViewController.m */ = {isa = PBXFileReference; lastKnownFileType = sourcecode.c.objc; path = ViewController.m; sourceTree = "<group>"; };
		A6C7F87A26661D0700A49576 /* Base */ = {isa = PBXFileReference; lastKnownFileType = file.storyboard; name = Base; path = Base.lproj/Main.storyboard; sourceTree = "<group>"; };
		A6C7F87C26661D0A00A49576 /* Assets.xcassets */ = {isa = PBXFileReference; lastKnownFileType = folder.assetcatalog; path = Assets.xcassets; sourceTree = "<group>"; };
		A6C7F87F26661D0A00A49576 /* Base */ = {isa = PBXFileReference; lastKnownFileType = file.storyboard; name = Base; path = Base.lproj/LaunchScreen.storyboard; sourceTree = "<group>"; };
		A6C7F88126661D0A00A49576 /* Info.plist */ = {isa = PBXFileReference; lastKnownFileType = text.plist.xml; path = Info.plist; sourceTree = "<group>"; };
		A6C7F88226661D0A00A49576 /* main.m */ = {isa = PBXFileReference; lastKnownFileType = sourcecode.c.objc; path = main.m; sourceTree = "<group>"; };
		A6C7F8892666213400A49576 /* VideoPlayer.h */ = {isa = PBXFileReference; lastKnownFileType = sourcecode.c.h; path = VideoPlayer.h; sourceTree = "<group>"; };
		A6C7F88A2666213400A49576 /* VideoPlayer.m */ = {isa = PBXFileReference; lastKnownFileType = sourcecode.c.objc; path = VideoPlayer.m; sourceTree = "<group>"; };
		A6D9B17D268040F800CF7E62 /* ImageCache.h */ = {isa = PBXFileReference; lastKnownFileType = sourcecode.c.h; path = ImageCache.h; sourceTree = "<group>"; };
		A6D9B17E268040F800CF7E62 /* ImageCache.m */ = {isa = PBXFileReference; lastKnownFileType = sourcecode.c.objc; path = ImageCache.m; sourceTree = "<group>"; };
/* End PBXFileReference section */

/* Begin PBXFrameworksBuildPhase section */
		A6C7F86A26661D0700A49576 /* Frameworks */ = {
			isa = PBXFrameworksBuildPhase;
			buildActionMask = 2147483647;
			files = (
				A6566A46267B498100CA65BF /* CoreServices.framework in Frameworks */,
			);
			runOnlyForDeploymentPostprocessing = 0;
		};
/* End PBXFrameworksBuildPhase section */

/* Begin PBXGroup section */
		A633385A268B084B004F9BAF /* Player */ = {
			isa = PBXGroup;
			children = (
				A633385B268B084B004F9BAF /* SBPlayer.h */,
				A6333868268B084B004F9BAF /* SBPlayer.m */,
				A633385D268B084B004F9BAF /* Source */,
				A6333867268B084B004F9BAF /* SBControlView.h */,
				A6333869268B084B004F9BAF /* SBControlView.m */,
			);
			path = Player;
			sourceTree = "<group>";
		};
		A633385D268B084B004F9BAF /* Source */ = {
			isa = PBXGroup;
			children = (
				A633385E268B084B004F9BAF /* 播放按钮 暂停@2x.png */,
				A633385F268B084B004F9BAF /* 播放按钮 暂停.png */,
				A6333860268B084B004F9BAF /* 播放按钮 暂停@3x.png */,
				A6333862268B084B004F9BAF /* 播放按钮@2x.png */,
				A6333863268B084B004F9BAF /* 播放按钮.png */,
				A6333864268B084B004F9BAF /* 播放按钮@3x.png */,
			);
			path = Source;
			sourceTree = "<group>";
		};
		A652B0932669D7EF0019F2C8 /* PlayerViewController */ = {
			isa = PBXGroup;
			children = (
				A654EE6726671A0E00B0D838 /* PlayerViewController.h */,
				A654EE6826671A0E00B0D838 /* PlayerViewController.m */,
				A654EE6926671A0E00B0D838 /* PlayerViewController.xib */,
			);
			path = PlayerViewController;
			sourceTree = "<group>";
		};
		A652B0A42669DC870019F2C8 /* VideoPage */ = {
			isa = PBXGroup;
			children = (
				A652B09F2669DC830019F2C8 /* VideoPageViewController.h */,
				A652B0A02669DC830019F2C8 /* VideoPageViewController.m */,
				A652B0A12669DC830019F2C8 /* VideoPageViewController.xib */,
				A652B0A52669DCA90019F2C8 /* PlayerContentViewController */,
			);
			path = VideoPage;
			sourceTree = "<group>";
		};
		A652B0A52669DCA90019F2C8 /* PlayerContentViewController */ = {
			isa = PBXGroup;
			children = (
				A652B0A62669DCA90019F2C8 /* PlayerContentViewController.h */,
				A652B0A82669DCA90019F2C8 /* PlayerContentViewController.m */,
				A652B0A72669DCA90019F2C8 /* PlayerContentViewController.xib */,
			);
			path = PlayerContentViewController;
			sourceTree = "<group>";
		};
		A652B0AB266A25720019F2C8 /* Utility */ = {
			isa = PBXGroup;
			children = (
				A652B0AC266A257B0019F2C8 /* Utility.h */,
				A652B0AD266A257B0019F2C8 /* Utility.m */,
			);
			path = Utility;
			sourceTree = "<group>";
		};
		A65669C2267B43A300CA65BF /* AwemeListController */ = {
			isa = PBXGroup;
			children = (
				A6566A6B267B53FD00CA65BF /* AwemeListCell.h */,
				A6566A6C267B53FD00CA65BF /* AwemeListCell.m */,
				A6566A6D267B53FD00CA65BF /* AwemeListCell.xib */,
				A65669C6267B43BD00CA65BF /* AwemeListController.h */,
				A65669C5267B43BD00CA65BF /* AwemeListController.m */,
				A6566A70267C35E800CA65BF /* AwemeListController.xib */,
			);
			path = AwemeListController;
			sourceTree = "<group>";
		};
		A65669C9267B43CC00CA65BF /* AVPlayer */ = {
			isa = PBXGroup;
			children = (
				A65669CD267B43CC00CA65BF /* AVPlayerView.h */,
				A65669CB267B43CC00CA65BF /* AVPlayerView.m */,
				A65669CA267B43CC00CA65BF /* AVPlayerManager.h */,
				A65669CC267B43CC00CA65BF /* AVPlayerManager.m */,
			);
			path = AVPlayer;
			sourceTree = "<group>";
		};
		A6566A3D267B48BC00CA65BF /* Network */ = {
			isa = PBXGroup;
			children = (
				A6566A41267B48F300CA65BF /* CacheHelpler.h */,
				A6566A42267B48F300CA65BF /* CacheHelpler.m */,
			);
			path = Network;
			sourceTree = "<group>";
		};
		A6566A44267B498100CA65BF /* Frameworks */ = {
			isa = PBXGroup;
			children = (
				A6566A45267B498100CA65BF /* CoreServices.framework */,
			);
			name = Frameworks;
			sourceTree = "<group>";
		};
		A66ECE36268AC60300C10BBB /* WeiBo */ = {
			isa = PBXGroup;
			children = (
				A633386C268B084B004F9BAF /* VideoListViewController.h */,
				A633386B268B084B004F9BAF /* VideoListViewController.m */,
				A6333871268B084B004F9BAF /* VideoListCell.h */,
				A633386F268B084B004F9BAF /* VideoListCell.m */,
				A633386E268B084B004F9BAF /* VideoListCell.xib */,
				A633385A268B084B004F9BAF /* Player */,
			);
			path = WeiBo;
			sourceTree = "<group>";
		};
		A6714E822681CCDE00AE7026 /* SDWebImage */ = {
			isa = PBXGroup;
			children = (
				A6714E832681CCDE00AE7026 /* Core */,
				A6714EF82681CCDF00AE7026 /* Private */,
			);
			path = SDWebImage;
			sourceTree = "<group>";
		};
		A6714E832681CCDE00AE7026 /* Core */ = {
			isa = PBXGroup;
			children = (
				A6714E842681CCDE00AE7026 /* UIImage+ExtendedCacheData.h */,
				A6714E852681CCDE00AE7026 /* SDImageHEICCoder.m */,
				A6714E862681CCDE00AE7026 /* SDAnimatedImageRep.h */,
				A6714E872681CCDE00AE7026 /* NSImage+Compatibility.m */,
				A6714E882681CCDE00AE7026 /* SDDiskCache.h */,
				A6714E892681CCDE00AE7026 /* SDAnimatedImageView+WebCache.m */,
				A6714E8A2681CCDE00AE7026 /* SDImageIOCoder.h */,
				A6714E8B2681CCDE00AE7026 /* SDImageCoder.m */,
				A6714E8C2681CCDE00AE7026 /* NSButton+WebCache.h */,
				A6714E8D2681CCDE00AE7026 /* SDImageGraphics.h */,
				A6714E8E2681CCDE00AE7026 /* SDWebImageOperation.m */,
				A6714E8F2681CCDE00AE7026 /* UIImageView+WebCache.h */,
				A6714E902681CCDE00AE7026 /* NSData+ImageContentType.h */,
				A6714E912681CCDE00AE7026 /* SDWebImageDownloaderDecryptor.m */,
				A6714E922681CCDE00AE7026 /* SDImageTransformer.h */,
				A6714E932681CCDE00AE7026 /* SDImageCachesManager.h */,
				A6714E942681CCDE00AE7026 /* SDWebImageTransition.h */,
				A6714E952681CCDE00AE7026 /* SDWebImageManager.m */,
				A6714E962681CCDE00AE7026 /* SDImageLoadersManager.h */,
				A6714E972681CCDE00AE7026 /* SDImageIOAnimatedCoder.m */,
				A6714E982681CCDE00AE7026 /* SDWebImageDownloaderOperation.h */,
				A6714E992681CCDE00AE7026 /* UIImageView+HighlightedWebCache.m */,
				A6714E9A2681CCDE00AE7026 /* SDImageFrame.h */,
				A6714E9B2681CCDE00AE7026 /* SDImageGIFCoder.h */,
				A6714E9C2681CCDE00AE7026 /* SDImageCache.h */,
				A6714E9D2681CCDE00AE7026 /* SDWebImageDownloaderConfig.h */,
				A6714E9E2681CCDE00AE7026 /* SDAnimatedImage.m */,
				A6714E9F2681CCDE00AE7026 /* SDAnimatedImageView.m */,
				A6714EA02681CCDE00AE7026 /* UIImage+ForceDecode.m */,
				A6714EA12681CCDE00AE7026 /* SDImageCacheConfig.h */,
				A6714EA22681CCDE00AE7026 /* SDImageAWebPCoder.m */,
				A6714EA32681CCDE00AE7026 /* SDWebImageCacheKeyFilter.h */,
				A6714EA42681CCDE00AE7026 /* SDAnimatedImagePlayer.m */,
				A6714EA52681CCDE00AE7026 /* UIImage+Transform.m */,
				A6714EA62681CCDE00AE7026 /* UIImage+MemoryCacheCost.h */,
				A6714EA72681CCDE00AE7026 /* SDWebImageDownloader.m */,
				A6714EA82681CCDE00AE7026 /* SDImageCacheDefine.h */,
				A6714EA92681CCDE00AE7026 /* SDImageLoader.m */,
				A6714EAA2681CCDE00AE7026 /* SDWebImageCacheSerializer.m */,
				A6714EAB2681CCDE00AE7026 /* SDWebImageIndicator.m */,
				A6714EAC2681CCDE00AE7026 /* SDGraphicsImageRenderer.m */,
				A6714EAD2681CCDE00AE7026 /* UIImage+GIF.m */,
				A6714EAE2681CCDE00AE7026 /* SDImageCodersManager.m */,
				A6714EAF2681CCDE00AE7026 /* UIButton+WebCache.h */,
				A6714EB02681CCDE00AE7026 /* SDWebImageDownloaderRequestModifier.h */,
				A6714EB12681CCDE00AE7026 /* UIImage+MultiFormat.m */,
				A6714EB22681CCDE00AE7026 /* SDMemoryCache.m */,
				A6714EB32681CCDE00AE7026 /* UIImage+Metadata.h */,
				A6714EB42681CCDE00AE7026 /* SDWebImageCompat.m */,
				A6714EB52681CCDE00AE7026 /* SDImageAPNGCoder.m */,
				A6714EB62681CCDE00AE7026 /* SDWebImageDownloaderResponseModifier.m */,
				A6714EB72681CCDE00AE7026 /* SDWebImageError.m */,
				A6714EB82681CCDE00AE7026 /* SDWebImagePrefetcher.m */,
				A6714EB92681CCDE00AE7026 /* SDImageCoderHelper.m */,
				A6714EBA2681CCDE00AE7026 /* SDWebImageOptionsProcessor.h */,
				A6714EBB2681CCDE00AE7026 /* UIView+WebCache.h */,
				A6714EBC2681CCDE00AE7026 /* UIView+WebCacheOperation.h */,
				A6714EBD2681CCDE00AE7026 /* SDWebImageDefine.h */,
				A6714EBE2681CCDE00AE7026 /* NSButton+WebCache.m */,
				A6714EBF2681CCDE00AE7026 /* SDImageCoder.h */,
				A6714EC02681CCDE00AE7026 /* SDImageIOCoder.m */,
				A6714EC12681CCDE00AE7026 /* SDAnimatedImageView+WebCache.h */,
				A6714EC22681CCDE00AE7026 /* SDDiskCache.m */,
				A6714EC32681CCDE00AE7026 /* NSImage+Compatibility.h */,
				A6714EC42681CCDE00AE7026 /* SDAnimatedImageRep.m */,
				A6714EC52681CCDE00AE7026 /* SDImageHEICCoder.h */,
				A6714EC62681CCDE00AE7026 /* UIImage+ExtendedCacheData.m */,
				A6714EC72681CCDE00AE7026 /* SDAnimatedImageView.h */,
				A6714EC82681CCDE00AE7026 /* SDWebImageDownloaderConfig.m */,
				A6714EC92681CCDE00AE7026 /* SDAnimatedImage.h */,
				A6714ECA2681CCDE00AE7026 /* SDImageCache.m */,
				A6714ECB2681CCDE00AE7026 /* SDImageGIFCoder.m */,
				A6714ECC2681CCDE00AE7026 /* UIImageView+HighlightedWebCache.h */,
				A6714ECD2681CCDE00AE7026 /* SDImageFrame.m */,
				A6714ECE2681CCDE00AE7026 /* SDWebImageDownloaderOperation.m */,
				A6714ECF2681CCDE00AE7026 /* SDImageIOAnimatedCoder.h */,
				A6714ED02681CCDE00AE7026 /* SDImageLoadersManager.m */,
				A6714ED12681CCDE00AE7026 /* SDImageCachesManager.m */,
				A6714ED22681CCDE00AE7026 /* SDWebImageTransition.m */,
				A6714ED32681CCDE00AE7026 /* SDWebImageManager.h */,
				A6714ED42681CCDE00AE7026 /* SDImageTransformer.m */,
				A6714ED52681CCDE00AE7026 /* NSData+ImageContentType.m */,
				A6714ED62681CCDE00AE7026 /* UIImageView+WebCache.m */,
				A6714ED72681CCDE00AE7026 /* SDWebImageDownloaderDecryptor.h */,
				A6714ED82681CCDE00AE7026 /* SDWebImageOperation.h */,
				A6714ED92681CCDE00AE7026 /* SDImageGraphics.m */,
				A6714EDA2681CCDE00AE7026 /* SDGraphicsImageRenderer.h */,
				A6714EDB2681CCDE00AE7026 /* SDWebImageIndicator.h */,
				A6714EDC2681CCDE00AE7026 /* SDWebImageCacheSerializer.h */,
				A6714EDD2681CCDE00AE7026 /* SDImageLoader.h */,
				A6714EDE2681CCDE00AE7026 /* SDImageCacheDefine.m */,
				A6714EDF2681CCDE00AE7026 /* SDWebImageDownloader.h */,
				A6714EE02681CCDE00AE7026 /* UIImage+MemoryCacheCost.m */,
				A6714EE12681CCDE00AE7026 /* UIImage+Transform.h */,
				A6714EE22681CCDE00AE7026 /* SDAnimatedImagePlayer.h */,
				A6714EE32681CCDE00AE7026 /* SDImageCacheConfig.m */,
				A6714EE42681CCDE00AE7026 /* SDWebImageCacheKeyFilter.m */,
				A6714EE52681CCDE00AE7026 /* SDImageAWebPCoder.h */,
				A6714EE62681CCDE00AE7026 /* UIImage+ForceDecode.h */,
				A6714EE72681CCDE00AE7026 /* SDWebImageDefine.m */,
				A6714EE82681CCDE00AE7026 /* SDImageCoderHelper.h */,
				A6714EE92681CCDE00AE7026 /* SDWebImageOptionsProcessor.m */,
				A6714EEA2681CCDE00AE7026 /* UIView+WebCacheOperation.m */,
				A6714EEB2681CCDE00AE7026 /* UIView+WebCache.m */,
				A6714EEC2681CCDE00AE7026 /* SDWebImagePrefetcher.h */,
				A6714EED2681CCDE00AE7026 /* SDWebImageDownloaderResponseModifier.h */,
				A6714EEE2681CCDF00AE7026 /* SDImageAPNGCoder.h */,
				A6714EEF2681CCDF00AE7026 /* SDWebImageError.h */,
				A6714EF02681CCDF00AE7026 /* SDWebImageCompat.h */,
				A6714EF12681CCDF00AE7026 /* SDMemoryCache.h */,
				A6714EF22681CCDF00AE7026 /* UIImage+Metadata.m */,
				A6714EF32681CCDF00AE7026 /* UIImage+MultiFormat.h */,
				A6714EF42681CCDF00AE7026 /* UIButton+WebCache.m */,
				A6714EF52681CCDF00AE7026 /* SDWebImageDownloaderRequestModifier.m */,
				A6714EF62681CCDF00AE7026 /* SDImageCodersManager.h */,
				A6714EF72681CCDF00AE7026 /* UIImage+GIF.h */,
			);
			path = Core;
			sourceTree = "<group>";
		};
		A6714EF82681CCDF00AE7026 /* Private */ = {
			isa = PBXGroup;
			children = (
				A6714EF92681CCDF00AE7026 /* SDDeviceHelper.h */,
				A6714EFA2681CCDF00AE7026 /* SDWeakProxy.h */,
				A6714EFB2681CCDF00AE7026 /* SDWebImageTransitionInternal.h */,
				A6714EFC2681CCDF00AE7026 /* UIColor+SDHexString.m */,
				A6714EFD2681CCDF00AE7026 /* NSBezierPath+SDRoundedCorners.h */,
				A6714EFE2681CCDF00AE7026 /* SDImageCachesManagerOperation.m */,
				A6714EFF2681CCDF00AE7026 /* SDFileAttributeHelper.h */,
				A6714F002681CCDF00AE7026 /* SDInternalMacros.h */,
				A6714F012681CCDF00AE7026 /* SDImageAssetManager.m */,
				A6714F022681CCDF00AE7026 /* SDAsyncBlockOperation.h */,
				A6714F032681CCDF00AE7026 /* SDDisplayLink.h */,
				A6714F042681CCDF00AE7026 /* SDAssociatedObject.h */,
				A6714F052681CCDF00AE7026 /* SDmetamacros.h */,
				A6714F062681CCDF00AE7026 /* SDImageIOAnimatedCoderInternal.h */,
				A6714F072681CCDF00AE7026 /* SDDeviceHelper.m */,
				A6714F082681CCDF00AE7026 /* SDWeakProxy.m */,
				A6714F092681CCDF00AE7026 /* SDInternalMacros.m */,
				A6714F0A2681CCDF00AE7026 /* SDFileAttributeHelper.m */,
				A6714F0B2681CCDF00AE7026 /* SDImageCachesManagerOperation.h */,
				A6714F0C2681CCDF00AE7026 /* NSBezierPath+SDRoundedCorners.m */,
				A6714F0D2681CCDF00AE7026 /* UIColor+SDHexString.h */,
				A6714F0E2681CCDF00AE7026 /* SDDisplayLink.m */,
				A6714F0F2681CCDF00AE7026 /* SDImageAssetManager.h */,
				A6714F102681CCDF00AE7026 /* SDAsyncBlockOperation.m */,
				A6714F112681CCDF00AE7026 /* SDAssociatedObject.m */,
			);
			path = Private;
			sourceTree = "<group>";
		};
		A6C7F86426661D0700A49576 = {
			isa = PBXGroup;
			children = (
				A6714E822681CCDE00AE7026 /* SDWebImage */,
				A6C7F88C2666213900A49576 /* VideoPlayer */,
				A6C7F86F26661D0700A49576 /* AVPlayerDemo */,
				A6C7F86E26661D0700A49576 /* Products */,
				A6566A44267B498100CA65BF /* Frameworks */,
			);
			sourceTree = "<group>";
		};
		A6C7F86E26661D0700A49576 /* Products */ = {
			isa = PBXGroup;
			children = (
				A6C7F86D26661D0700A49576 /* AVPlayerDemo.app */,
			);
			name = Products;
			sourceTree = "<group>";
		};
		A6C7F86F26661D0700A49576 /* AVPlayerDemo */ = {
			isa = PBXGroup;
			children = (
				A6566A3D267B48BC00CA65BF /* Network */,
				A652B0AB266A25720019F2C8 /* Utility */,
				A6C7F87026661D0700A49576 /* AppDelegate.h */,
				A6C7F87126661D0700A49576 /* AppDelegate.m */,
				A6D9B17D268040F800CF7E62 /* ImageCache.h */,
				A6D9B17E268040F800CF7E62 /* ImageCache.m */,
				A6C7F87326661D0700A49576 /* SceneDelegate.h */,
				A6C7F87426661D0700A49576 /* SceneDelegate.m */,
				A66ECE36268AC60300C10BBB /* WeiBo */,
				A65669C9267B43CC00CA65BF /* AVPlayer */,
				A65669C2267B43A300CA65BF /* AwemeListController */,
				A6C7F87626661D0700A49576 /* ViewController.h */,
				A6C7F87726661D0700A49576 /* ViewController.m */,
				A652B0A42669DC870019F2C8 /* VideoPage */,
				A652B0932669D7EF0019F2C8 /* PlayerViewController */,
				A6C7F87926661D0700A49576 /* Main.storyboard */,
				A633384B268ACED7004F9BAF /* designedByAppleInCalifornia.mp4 */,
				A6C7F87C26661D0A00A49576 /* Assets.xcassets */,
				A6C7F87E26661D0A00A49576 /* LaunchScreen.storyboard */,
				A6C7F88126661D0A00A49576 /* Info.plist */,
				A6C7F88226661D0A00A49576 /* main.m */,
			);
			path = AVPlayerDemo;
			sourceTree = "<group>";
		};
		A6C7F88C2666213900A49576 /* VideoPlayer */ = {
			isa = PBXGroup;
			children = (
				A6C7F8892666213400A49576 /* VideoPlayer.h */,
				A6C7F88A2666213400A49576 /* VideoPlayer.m */,
			);
			path = VideoPlayer;
			sourceTree = "<group>";
		};
/* End PBXGroup section */

/* Begin PBXNativeTarget section */
		A6C7F86C26661D0700A49576 /* AVPlayerDemo */ = {
			isa = PBXNativeTarget;
			buildConfigurationList = A6C7F88626661D0A00A49576 /* Build configuration list for PBXNativeTarget "AVPlayerDemo" */;
			buildPhases = (
				A6C7F86926661D0700A49576 /* Sources */,
				A6C7F86A26661D0700A49576 /* Frameworks */,
				A6C7F86B26661D0700A49576 /* Resources */,
			);
			buildRules = (
			);
			dependencies = (
			);
			name = AVPlayerDemo;
			productName = AVPlayerDemo;
			productReference = A6C7F86D26661D0700A49576 /* AVPlayerDemo.app */;
			productType = "com.apple.product-type.application";
		};
/* End PBXNativeTarget section */

/* Begin PBXProject section */
		A6C7F86526661D0700A49576 /* Project object */ = {
			isa = PBXProject;
			attributes = {
				LastUpgradeCheck = 1250;
				TargetAttributes = {
					A6C7F86C26661D0700A49576 = {
						CreatedOnToolsVersion = 12.5;
					};
				};
			};
			buildConfigurationList = A6C7F86826661D0700A49576 /* Build configuration list for PBXProject "AVPlayerDemo" */;
			compatibilityVersion = "Xcode 9.3";
			developmentRegion = en;
			hasScannedForEncodings = 0;
			knownRegions = (
				en,
				Base,
			);
			mainGroup = A6C7F86426661D0700A49576;
			productRefGroup = A6C7F86E26661D0700A49576 /* Products */;
			projectDirPath = "";
			projectRoot = "";
			targets = (
				A6C7F86C26661D0700A49576 /* AVPlayerDemo */,
			);
		};
/* End PBXProject section */

/* Begin PBXResourcesBuildPhase section */
		A6C7F86B26661D0700A49576 /* Resources */ = {
			isa = PBXResourcesBuildPhase;
			buildActionMask = 2147483647;
			files = (
				A6C7F88026661D0A00A49576 /* LaunchScreen.storyboard in Resources */,
				A654EE6B26671A0E00B0D838 /* PlayerViewController.xib in Resources */,
				A6C7F87D26661D0A00A49576 /* Assets.xcassets in Resources */,
				A6C7F87B26661D0700A49576 /* Main.storyboard in Resources */,
				A6333877268B084C004F9BAF /* 播放按钮 暂停@3x.png in Resources */,
				A6333876268B084C004F9BAF /* 播放按钮 暂停.png in Resources */,
				A633384C268ACED7004F9BAF /* designedByAppleInCalifornia.mp4 in Resources */,
				A6333875268B084C004F9BAF /* 播放按钮 暂停@2x.png in Resources */,
				A6333879268B084C004F9BAF /* 播放按钮@2x.png in Resources */,
				A6566A6F267B53FD00CA65BF /* AwemeListCell.xib in Resources */,
				A6333881268B084C004F9BAF /* VideoListCell.xib in Resources */,
				A633387B268B084C004F9BAF /* 播放按钮@3x.png in Resources */,
				A652B0A32669DC830019F2C8 /* VideoPageViewController.xib in Resources */,
				A633387A268B084C004F9BAF /* 播放按钮.png in Resources */,
				A652B0A92669DCA90019F2C8 /* PlayerContentViewController.xib in Resources */,
				A6566A71267C35E900CA65BF /* AwemeListController.xib in Resources */,
			);
			runOnlyForDeploymentPostprocessing = 0;
		};
/* End PBXResourcesBuildPhase section */

/* Begin PBXSourcesBuildPhase section */
		A6C7F86926661D0700A49576 /* Sources */ = {
			isa = PBXSourcesBuildPhase;
			buildActionMask = 2147483647;
			files = (
				A6714F332681CCDF00AE7026 /* SDAnimatedImageRep.m in Sources */,
				A6714F3A2681CCDF00AE7026 /* SDImageLoadersManager.m in Sources */,
				A6333882268B084C004F9BAF /* VideoListCell.m in Sources */,
				A6566A43267B48F300CA65BF /* CacheHelpler.m in Sources */,
				A6714F252681CCDF00AE7026 /* SDGraphicsImageRenderer.m in Sources */,
				A6714F1D2681CCDF00AE7026 /* UIImage+ForceDecode.m in Sources */,
				A6714F562681CCDF00AE7026 /* SDAssociatedObject.m in Sources */,
				A6714F202681CCDF00AE7026 /* UIImage+Transform.m in Sources */,
				A6714F422681CCDF00AE7026 /* UIImage+MemoryCacheCost.m in Sources */,
				A6714F472681CCDF00AE7026 /* UIView+WebCacheOperation.m in Sources */,
				A6714F182681CCDF00AE7026 /* SDWebImageManager.m in Sources */,
				A6714F542681CCDF00AE7026 /* SDDisplayLink.m in Sources */,
				A6714F4F2681CCDF00AE7026 /* SDDeviceHelper.m in Sources */,
				A6714F1B2681CCDF00AE7026 /* SDAnimatedImage.m in Sources */,
				A6C7F87826661D0700A49576 /* ViewController.m in Sources */,
				A6714F172681CCDF00AE7026 /* SDWebImageDownloaderDecryptor.m in Sources */,
				A6714F3E2681CCDF00AE7026 /* NSData+ImageContentType.m in Sources */,
				A6714F342681CCDF00AE7026 /* UIImage+ExtendedCacheData.m in Sources */,
				A6714F152681CCDF00AE7026 /* SDImageCoder.m in Sources */,
				A6714F392681CCDF00AE7026 /* SDWebImageDownloaderOperation.m in Sources */,
				A6714F482681CCDF00AE7026 /* UIView+WebCache.m in Sources */,
				A6714F312681CCDF00AE7026 /* SDImageIOCoder.m in Sources */,
				A6714F3C2681CCDF00AE7026 /* SDWebImageTransition.m in Sources */,
				A6714F132681CCDF00AE7026 /* NSImage+Compatibility.m in Sources */,
				A6C7F87226661D0700A49576 /* AppDelegate.m in Sources */,
				A6C7F88326661D0A00A49576 /* main.m in Sources */,
				A65669CE267B43CC00CA65BF /* AVPlayerView.m in Sources */,
				A6714F382681CCDF00AE7026 /* SDImageFrame.m in Sources */,
				A6714F372681CCDF00AE7026 /* SDImageGIFCoder.m in Sources */,
				A6714F272681CCDF00AE7026 /* SDImageCodersManager.m in Sources */,
				A6714F502681CCDF00AE7026 /* SDWeakProxy.m in Sources */,
				A6714F1F2681CCDF00AE7026 /* SDAnimatedImagePlayer.m in Sources */,
				A6714F432681CCDF00AE7026 /* SDImageCacheConfig.m in Sources */,
				A6714F3D2681CCDF00AE7026 /* SDImageTransformer.m in Sources */,
				A6714F3B2681CCDF00AE7026 /* SDImageCachesManager.m in Sources */,
				A6C7F87526661D0700A49576 /* SceneDelegate.m in Sources */,
				A652B0AE266A257B0019F2C8 /* Utility.m in Sources */,
				A6714F2A2681CCDF00AE7026 /* SDWebImageCompat.m in Sources */,
				A6714F462681CCDF00AE7026 /* SDWebImageOptionsProcessor.m in Sources */,
				A6714F4B2681CCDF00AE7026 /* SDWebImageDownloaderRequestModifier.m in Sources */,
				A6D9B17F268040F800CF7E62 /* ImageCache.m in Sources */,
				A65669C8267B43BD00CA65BF /* AwemeListController.m in Sources */,
				A6714F362681CCDF00AE7026 /* SDImageCache.m in Sources */,
				A6714F262681CCDF00AE7026 /* UIImage+GIF.m in Sources */,
				A6714F142681CCDF00AE7026 /* SDAnimatedImageView+WebCache.m in Sources */,
				A6714F442681CCDF00AE7026 /* SDWebImageCacheKeyFilter.m in Sources */,
				A65669CF267B43CC00CA65BF /* AVPlayerManager.m in Sources */,
				A6714F512681CCDF00AE7026 /* SDInternalMacros.m in Sources */,
				A6714F282681CCDF00AE7026 /* UIImage+MultiFormat.m in Sources */,
				A6714F1C2681CCDF00AE7026 /* SDAnimatedImageView.m in Sources */,
				A633387F268B084C004F9BAF /* SBControlView.m in Sources */,
				A6714F192681CCDF00AE7026 /* SDImageIOAnimatedCoder.m in Sources */,
				A6714F162681CCDF00AE7026 /* SDWebImageOperation.m in Sources */,
				A6C7F88B2666213400A49576 /* VideoPlayer.m in Sources */,
				A633387E268B084C004F9BAF /* SBPlayer.m in Sources */,
				A6714F1A2681CCDF00AE7026 /* UIImageView+HighlightedWebCache.m in Sources */,
				A6714F532681CCDF00AE7026 /* NSBezierPath+SDRoundedCorners.m in Sources */,
				A6714F352681CCDF00AE7026 /* SDWebImageDownloaderConfig.m in Sources */,
				A6714F492681CCDF00AE7026 /* UIImage+Metadata.m in Sources */,
				A654EE6A26671A0E00B0D838 /* PlayerViewController.m in Sources */,
				A6714F2D2681CCDF00AE7026 /* SDWebImageError.m in Sources */,
				A6714F2C2681CCDF00AE7026 /* SDWebImageDownloaderResponseModifier.m in Sources */,
				A6714F2B2681CCDF00AE7026 /* SDImageAPNGCoder.m in Sources */,
				A652B0A22669DC830019F2C8 /* VideoPageViewController.m in Sources */,
				A6714F292681CCDF00AE7026 /* SDMemoryCache.m in Sources */,
				A6714F412681CCDF00AE7026 /* SDImageCacheDefine.m in Sources */,
				A6714F2F2681CCDF00AE7026 /* SDImageCoderHelper.m in Sources */,
				A6714F522681CCDF00AE7026 /* SDFileAttributeHelper.m in Sources */,
				A6714F232681CCDF00AE7026 /* SDWebImageCacheSerializer.m in Sources */,
				A6714F212681CCDF00AE7026 /* SDWebImageDownloader.m in Sources */,
				A6714F222681CCDF00AE7026 /* SDImageLoader.m in Sources */,
				A6714F552681CCDF00AE7026 /* SDAsyncBlockOperation.m in Sources */,
				A6714F3F2681CCDF00AE7026 /* UIImageView+WebCache.m in Sources */,
				A6714F4A2681CCDF00AE7026 /* UIButton+WebCache.m in Sources */,
				A6714F1E2681CCDF00AE7026 /* SDImageAWebPCoder.m in Sources */,
				A6714F122681CCDF00AE7026 /* SDImageHEICCoder.m in Sources */,
				A652B0AA2669DCA90019F2C8 /* PlayerContentViewController.m in Sources */,
				A6714F4D2681CCDF00AE7026 /* SDImageCachesManagerOperation.m in Sources */,
				A6714F2E2681CCDF00AE7026 /* SDWebImagePrefetcher.m in Sources */,
				A6714F402681CCDF00AE7026 /* SDImageGraphics.m in Sources */,
				A6714F4E2681CCDF00AE7026 /* SDImageAssetManager.m in Sources */,
				A6566A6E267B53FD00CA65BF /* AwemeListCell.m in Sources */,
				A6333880268B084C004F9BAF /* VideoListViewController.m in Sources */,
				A6714F302681CCDF00AE7026 /* NSButton+WebCache.m in Sources */,
				A6714F322681CCDF00AE7026 /* SDDiskCache.m in Sources */,
				A6714F242681CCDF00AE7026 /* SDWebImageIndicator.m in Sources */,
				A6714F452681CCDF00AE7026 /* SDWebImageDefine.m in Sources */,
				A6714F4C2681CCDF00AE7026 /* UIColor+SDHexString.m in Sources */,
			);
			runOnlyForDeploymentPostprocessing = 0;
		};
/* End PBXSourcesBuildPhase section */

/* Begin PBXVariantGroup section */
		A6C7F87926661D0700A49576 /* Main.storyboard */ = {
			isa = PBXVariantGroup;
			children = (
				A6C7F87A26661D0700A49576 /* Base */,
			);
			name = Main.storyboard;
			sourceTree = "<group>";
		};
		A6C7F87E26661D0A00A49576 /* LaunchScreen.storyboard */ = {
			isa = PBXVariantGroup;
			children = (
				A6C7F87F26661D0A00A49576 /* Base */,
			);
			name = LaunchScreen.storyboard;
			sourceTree = "<group>";
		};
/* End PBXVariantGroup section */

/* Begin XCBuildConfiguration section */
		A6C7F88426661D0A00A49576 /* Debug */ = {
			isa = XCBuildConfiguration;
			buildSettings = {
				ALWAYS_SEARCH_USER_PATHS = NO;
				CLANG_ANALYZER_NONNULL = YES;
				CLANG_ANALYZER_NUMBER_OBJECT_CONVERSION = YES_AGGRESSIVE;
				CLANG_CXX_LANGUAGE_STANDARD = "gnu++14";
				CLANG_CXX_LIBRARY = "libc++";
				CLANG_ENABLE_MODULES = YES;
				CLANG_ENABLE_OBJC_ARC = YES;
				CLANG_ENABLE_OBJC_WEAK = YES;
				CLANG_WARN_BLOCK_CAPTURE_AUTORELEASING = YES;
				CLANG_WARN_BOOL_CONVERSION = YES;
				CLANG_WARN_COMMA = YES;
				CLANG_WARN_CONSTANT_CONVERSION = YES;
				CLANG_WARN_DEPRECATED_OBJC_IMPLEMENTATIONS = YES;
				CLANG_WARN_DIRECT_OBJC_ISA_USAGE = YES_ERROR;
				CLANG_WARN_DOCUMENTATION_COMMENTS = YES;
				CLANG_WARN_EMPTY_BODY = YES;
				CLANG_WARN_ENUM_CONVERSION = YES;
				CLANG_WARN_INFINITE_RECURSION = YES;
				CLANG_WARN_INT_CONVERSION = YES;
				CLANG_WARN_NON_LITERAL_NULL_CONVERSION = YES;
				CLANG_WARN_OBJC_IMPLICIT_RETAIN_SELF = YES;
				CLANG_WARN_OBJC_LITERAL_CONVERSION = YES;
				CLANG_WARN_OBJC_ROOT_CLASS = YES_ERROR;
				CLANG_WARN_QUOTED_INCLUDE_IN_FRAMEWORK_HEADER = YES;
				CLANG_WARN_RANGE_LOOP_ANALYSIS = YES;
				CLANG_WARN_STRICT_PROTOTYPES = YES;
				CLANG_WARN_SUSPICIOUS_MOVE = YES;
				CLANG_WARN_UNGUARDED_AVAILABILITY = YES_AGGRESSIVE;
				CLANG_WARN_UNREACHABLE_CODE = YES;
				CLANG_WARN__DUPLICATE_METHOD_MATCH = YES;
				COPY_PHASE_STRIP = NO;
				DEBUG_INFORMATION_FORMAT = dwarf;
				ENABLE_STRICT_OBJC_MSGSEND = YES;
				ENABLE_TESTABILITY = YES;
				GCC_C_LANGUAGE_STANDARD = gnu11;
				GCC_DYNAMIC_NO_PIC = NO;
				GCC_NO_COMMON_BLOCKS = YES;
				GCC_OPTIMIZATION_LEVEL = 0;
				GCC_PREPROCESSOR_DEFINITIONS = (
					"DEBUG=1",
					"$(inherited)",
				);
				GCC_WARN_64_TO_32_BIT_CONVERSION = YES;
				GCC_WARN_ABOUT_RETURN_TYPE = YES_ERROR;
				GCC_WARN_UNDECLARED_SELECTOR = YES;
				GCC_WARN_UNINITIALIZED_AUTOS = YES_AGGRESSIVE;
				GCC_WARN_UNUSED_FUNCTION = YES;
				GCC_WARN_UNUSED_VARIABLE = YES;
				IPHONEOS_DEPLOYMENT_TARGET = 14.5;
				MTL_ENABLE_DEBUG_INFO = INCLUDE_SOURCE;
				MTL_FAST_MATH = YES;
				ONLY_ACTIVE_ARCH = YES;
				SDKROOT = iphoneos;
			};
			name = Debug;
		};
		A6C7F88526661D0A00A49576 /* Release */ = {
			isa = XCBuildConfiguration;
			buildSettings = {
				ALWAYS_SEARCH_USER_PATHS = NO;
				CLANG_ANALYZER_NONNULL = YES;
				CLANG_ANALYZER_NUMBER_OBJECT_CONVERSION = YES_AGGRESSIVE;
				CLANG_CXX_LANGUAGE_STANDARD = "gnu++14";
				CLANG_CXX_LIBRARY = "libc++";
				CLANG_ENABLE_MODULES = YES;
				CLANG_ENABLE_OBJC_ARC = YES;
				CLANG_ENABLE_OBJC_WEAK = YES;
				CLANG_WARN_BLOCK_CAPTURE_AUTORELEASING = YES;
				CLANG_WARN_BOOL_CONVERSION = YES;
				CLANG_WARN_COMMA = YES;
				CLANG_WARN_CONSTANT_CONVERSION = YES;
				CLANG_WARN_DEPRECATED_OBJC_IMPLEMENTATIONS = YES;
				CLANG_WARN_DIRECT_OBJC_ISA_USAGE = YES_ERROR;
				CLANG_WARN_DOCUMENTATION_COMMENTS = YES;
				CLANG_WARN_EMPTY_BODY = YES;
				CLANG_WARN_ENUM_CONVERSION = YES;
				CLANG_WARN_INFINITE_RECURSION = YES;
				CLANG_WARN_INT_CONVERSION = YES;
				CLANG_WARN_NON_LITERAL_NULL_CONVERSION = YES;
				CLANG_WARN_OBJC_IMPLICIT_RETAIN_SELF = YES;
				CLANG_WARN_OBJC_LITERAL_CONVERSION = YES;
				CLANG_WARN_OBJC_ROOT_CLASS = YES_ERROR;
				CLANG_WARN_QUOTED_INCLUDE_IN_FRAMEWORK_HEADER = YES;
				CLANG_WARN_RANGE_LOOP_ANALYSIS = YES;
				CLANG_WARN_STRICT_PROTOTYPES = YES;
				CLANG_WARN_SUSPICIOUS_MOVE = YES;
				CLANG_WARN_UNGUARDED_AVAILABILITY = YES_AGGRESSIVE;
				CLANG_WARN_UNREACHABLE_CODE = YES;
				CLANG_WARN__DUPLICATE_METHOD_MATCH = YES;
				COPY_PHASE_STRIP = NO;
				DEBUG_INFORMATION_FORMAT = "dwarf-with-dsym";
				ENABLE_NS_ASSERTIONS = NO;
				ENABLE_STRICT_OBJC_MSGSEND = YES;
				GCC_C_LANGUAGE_STANDARD = gnu11;
				GCC_NO_COMMON_BLOCKS = YES;
				GCC_WARN_64_TO_32_BIT_CONVERSION = YES;
				GCC_WARN_ABOUT_RETURN_TYPE = YES_ERROR;
				GCC_WARN_UNDECLARED_SELECTOR = YES;
				GCC_WARN_UNINITIALIZED_AUTOS = YES_AGGRESSIVE;
				GCC_WARN_UNUSED_FUNCTION = YES;
				GCC_WARN_UNUSED_VARIABLE = YES;
				IPHONEOS_DEPLOYMENT_TARGET = 14.5;
				MTL_ENABLE_DEBUG_INFO = NO;
				MTL_FAST_MATH = YES;
				SDKROOT = iphoneos;
				VALIDATE_PRODUCT = YES;
			};
			name = Release;
		};
		A6C7F88726661D0A00A49576 /* Debug */ = {
			isa = XCBuildConfiguration;
			buildSettings = {
				ASSETCATALOG_COMPILER_APPICON_NAME = AppIcon;
				ASSETCATALOG_COMPILER_GLOBAL_ACCENT_COLOR_NAME = AccentColor;
				CODE_SIGN_STYLE = Automatic;
				DEVELOPMENT_TEAM = QM32T3R7FX;
				INFOPLIST_FILE = AVPlayerDemo/Info.plist;
				IPHONEOS_DEPLOYMENT_TARGET = 10.0;
				LD_RUNPATH_SEARCH_PATHS = (
					"$(inherited)",
					"@executable_path/Frameworks",
				);
				PRODUCT_BUNDLE_IDENTIFIER = com.cnhnb.AVPlayerDemo;
				PRODUCT_NAME = "$(TARGET_NAME)";
				TARGETED_DEVICE_FAMILY = "1,2";
			};
			name = Debug;
		};
		A6C7F88826661D0A00A49576 /* Release */ = {
			isa = XCBuildConfiguration;
			buildSettings = {
				ASSETCATALOG_COMPILER_APPICON_NAME = AppIcon;
				ASSETCATALOG_COMPILER_GLOBAL_ACCENT_COLOR_NAME = AccentColor;
				CODE_SIGN_STYLE = Automatic;
				DEVELOPMENT_TEAM = QM32T3R7FX;
				INFOPLIST_FILE = AVPlayerDemo/Info.plist;
				IPHONEOS_DEPLOYMENT_TARGET = 10.0;
				LD_RUNPATH_SEARCH_PATHS = (
					"$(inherited)",
					"@executable_path/Frameworks",
				);
				PRODUCT_BUNDLE_IDENTIFIER = com.cnhnb.AVPlayerDemo;
				PRODUCT_NAME = "$(TARGET_NAME)";
				TARGETED_DEVICE_FAMILY = "1,2";
			};
			name = Release;
		};
/* End XCBuildConfiguration section */

/* Begin XCConfigurationList section */
		A6C7F86826661D0700A49576 /* Build configuration list for PBXProject "AVPlayerDemo" */ = {
			isa = XCConfigurationList;
			buildConfigurations = (
				A6C7F88426661D0A00A49576 /* Debug */,
				A6C7F88526661D0A00A49576 /* Release */,
			);
			defaultConfigurationIsVisible = 0;
			defaultConfigurationName = Release;
		};
		A6C7F88626661D0A00A49576 /* Build configuration list for PBXNativeTarget "AVPlayerDemo" */ = {
			isa = XCConfigurationList;
			buildConfigurations = (
				A6C7F88726661D0A00A49576 /* Debug */,
				A6C7F88826661D0A00A49576 /* Release */,
			);
			defaultConfigurationIsVisible = 0;
			defaultConfigurationName = Release;
		};
/* End XCConfigurationList section */
	};
	rootObject = A6C7F86526661D0700A49576 /* Project object */;
}
